
Microsoft Visual Studio Solution File, Format Version 11.00
# Visual Studio 2010
Project("{F184B08F-C81C-45F6-A57F-5ABD9991F28F}") = "MicroClimate", "MicroClimate.vbproj", "{08E42CFE-48A2-4F2B-9DE1-7ED8DDE604A3}"
EndProject
Global
	GlobalSection(SolutionConfigurationPlatforms) = preSolution
		Debug|Any CPU = Debug|Any CPU
		Release|Any CPU = Release|Any CPU
	EndGlobalSection
	GlobalSection(ProjectConfigurationPlatforms) = postSolution
		{08E42CFE-48A2-4F2B-9DE1-7ED8DDE604A3}.Debug|Any CPU.ActiveCfg = Debug|Any CPU
		{08E42CFE-48A2-4F2B-9DE1-7ED8DDE604A3}.Debug|Any CPU.Build.0 = Debug|Any CPU
		{08E42CFE-48A2-4F2B-9DE1-7ED8DDE604A3}.Release|Any CPU.ActiveCfg = Release|Any CPU
		{08E42CFE-48A2-4F2B-9DE1-7ED8DDE604A3}.Release|Any CPU.Build.0 = Release|Any CPU
	EndGlobalSection
	GlobalSection(SolutionProperties) = preSolution
		HideSolutionNode = FALSE
	EndGlobalSection
EndGlobal
