
Microsoft Visual Studio Solution File, Format Version 11.00
# Visual Studio 2010
Project("{FAE04EC0-301F-11D3-BF4B-00C04F79EFBC}") = "PatchData", "PatchData.csproj", "{1EAFDA96-88F6-44FA-AF24-3BF9C33E9B94}"
EndProject
Global
	GlobalSection(SolutionConfigurationPlatforms) = preSolution
		Debug|Any CPU = Debug|Any CPU
		Release|Any CPU = Release|Any CPU
	EndGlobalSection
	GlobalSection(ProjectConfigurationPlatforms) = postSolution
		{1EAFDA96-88F6-44FA-AF24-3BF9C33E9B94}.Debug|Any CPU.ActiveCfg = Debug|Any CPU
		{1EAFDA96-88F6-44FA-AF24-3BF9C33E9B94}.Debug|Any CPU.Build.0 = Debug|Any CPU
		{1EAFDA96-88F6-44FA-AF24-3BF9C33E9B94}.Release|Any CPU.ActiveCfg = Release|Any CPU
		{1EAFDA96-88F6-44FA-AF24-3BF9C33E9B94}.Release|Any CPU.Build.0 = Release|Any CPU
	EndGlobalSection
	GlobalSection(SolutionProperties) = preSolution
		HideSolutionNode = FALSE
	EndGlobalSection
EndGlobal
