<?xml version="1.0" encoding="utf-8"?>
<Project ToolsVersion="4.0" xmlns="http://schemas.microsoft.com/developer/msbuild/2003">
  <ItemGroup>
    <ClCompile Include="Biomass.cpp">
      <Filter>code</Filter>
    </ClCompile>
    <ClCompile Include="BiomassCM.cpp">
      <Filter>code</Filter>
    </ClCompile>
    <ClCompile Include="CanopyPhotosynthesis.cpp">
      <Filter>code</Filter>
    </ClCompile>
    <ClCompile Include="..\ComponentInterface2\CMPComponentEntryPoints.cpp">
      <Filter>code</Filter>
    </ClCompile>
    <ClCompile Include="Dll.cpp">
      <Filter>code</Filter>
    </ClCompile>
    <ClCompile Include="Grain.cpp">
      <Filter>code</Filter>
    </ClCompile>
    <ClCompile Include="GrainCM.cpp">
      <Filter>code</Filter>
    </ClCompile>
    <ClCompile Include="LayerModel.cpp">
      <Filter>code</Filter>
    </ClCompile>
    <ClCompile Include="LeafSlowWilting.cpp">
      <Filter>code</Filter>
    </ClCompile>
    <ClCompile Include="Leaf.cpp">
      <Filter>code</Filter>
    </ClCompile>
    <ClCompile Include="LeafLimitedTranspiration.cpp">
      <Filter>code</Filter>
    </ClCompile>
    <ClCompile Include="NaturalSpline.cpp">
      <Filter>code</Filter>
    </ClCompile>
    <ClCompile Include="Plant.cpp">
      <Filter>code</Filter>
    </ClCompile>
    <ClCompile Include="Phosphorus.cpp">
      <Filter>code</Filter>
    </ClCompile>
    <ClCompile Include="Phenology.cpp">
      <Filter>code</Filter>
    </ClCompile>
    <ClCompile Include="Nitrogen.cpp">
      <Filter>code</Filter>
    </ClCompile>
    <ClCompile Include="PlantActions.cpp">
      <Filter>code</Filter>
    </ClCompile>
    <ClCompile Include="PlantComponents.cpp">
      <Filter>code</Filter>
    </ClCompile>
    <ClCompile Include="PlantInterface.cpp">
      <Filter>code</Filter>
    </ClCompile>
    <ClCompile Include="Rachis.cpp">
      <Filter>code</Filter>
    </ClCompile>
    <ClCompile Include="Roots.cpp">
      <Filter>code</Filter>
    </ClCompile>
    <ClCompile Include="Stem.cpp">
      <Filter>code</Filter>
    </ClCompile>
    <ClCompile Include="StemCM.cpp">
      <Filter>code</Filter>
    </ClCompile>
    <ClCompile Include="Utilities.cpp">
      <Filter>code</Filter>
    </ClCompile>
    <ClCompile Include="Water.cpp">
      <Filter>code</Filter>
    </ClCompile>
    <ClCompile Include="GrainSilking.cpp">
      <Filter>code</Filter>
    </ClCompile>
    <ClCompile Include="StemSM.cpp">
      <Filter>code</Filter>
    </ClCompile>
    <ClCompile Include="BiomassSM.cpp">
      <Filter>code</Filter>
    </ClCompile>
    <ClCompile Include="LeafLER.cpp">
      <Filter>code</Filter>
    </ClCompile>
  </ItemGroup>
  <ItemGroup>
    <ClInclude Include="Biomass.h">
      <Filter>headers</Filter>
    </ClInclude>
    <ClInclude Include="BiomassCM.h">
      <Filter>headers</Filter>
    </ClInclude>
    <ClInclude Include="CanopyPhotosynthesis.h">
      <Filter>headers</Filter>
    </ClInclude>
    <ClInclude Include="Grain.h">
      <Filter>headers</Filter>
    </ClInclude>
    <ClInclude Include="GrainCM.h">
      <Filter>headers</Filter>
    </ClInclude>
    <ClInclude Include="Leaf.h">
      <Filter>headers</Filter>
    </ClInclude>
    <ClInclude Include="LayerModel.h">
      <Filter>headers</Filter>
    </ClInclude>
    <ClInclude Include="LeafLimitedTranspiration.h">
      <Filter>headers</Filter>
    </ClInclude>
    <ClInclude Include="NaturalSpline.h">
      <Filter>headers</Filter>
    </ClInclude>
    <ClInclude Include="LeafSlowWilting.h">
      <Filter>headers</Filter>
    </ClInclude>
    <ClInclude Include="Nitrogen.h">
      <Filter>headers</Filter>
    </ClInclude>
    <ClInclude Include="Phenology.h">
      <Filter>headers</Filter>
    </ClInclude>
    <ClInclude Include="Phosphorus.h">
      <Filter>headers</Filter>
    </ClInclude>
    <ClInclude Include="Plant.h">
      <Filter>headers</Filter>
    </ClInclude>
    <ClInclude Include="Rachis.h">
      <Filter>headers</Filter>
    </ClInclude>
    <ClInclude Include="PlantActions.h">
      <Filter>headers</Filter>
    </ClInclude>
    <ClInclude Include="PlantComponents.h">
      <Filter>headers</Filter>
    </ClInclude>
    <ClInclude Include="PlantInterface.h">
      <Filter>headers</Filter>
    </ClInclude>
    <ClInclude Include="Roots.h">
      <Filter>headers</Filter>
    </ClInclude>
    <ClInclude Include="Stem.h">
      <Filter>headers</Filter>
    </ClInclude>
    <ClInclude Include="StemCM.h">
      <Filter>headers</Filter>
    </ClInclude>
    <ClInclude Include="Utilities.h">
      <Filter>headers</Filter>
    </ClInclude>
    <ClInclude Include="TypeKind.h">
      <Filter>headers</Filter>
    </ClInclude>
    <ClInclude Include="Water.h">
      <Filter>headers</Filter>
    </ClInclude>
    <ClInclude Include="conversions.h">
      <Filter>headers</Filter>
    </ClInclude>
    <ClInclude Include="GrainSilking.h">
      <Filter>headers</Filter>
    </ClInclude>
    <ClInclude Include="BiomassSM.h">
      <Filter>headers</Filter>
    </ClInclude>
    <ClInclude Include="StemSM.h">
      <Filter>headers</Filter>
    </ClInclude>
    <ClInclude Include="LeafLER.h">
      <Filter>headers</Filter>
    </ClInclude>
  </ItemGroup>
  <ItemGroup>
    <None Include="Maize.def" />
  </ItemGroup>
  <ItemGroup>
    <Library Include="..\ApsimShared.lib" />
    <Library Include="..\ComponentInterface2.lib" />
    <Library Include="..\General.lib" />
  </ItemGroup>
  <ItemGroup>
    <Filter Include="headers">
      <UniqueIdentifier>{7b5445bc-70b1-45e3-b0e3-8e89abf5a48a}</UniqueIdentifier>
    </Filter>
    <Filter Include="code">
      <UniqueIdentifier>{f8574316-55e0-482a-9cc1-e4057ed4c6af}</UniqueIdentifier>
    </Filter>
  </ItemGroup>
</Project>