
Microsoft Visual Studio Solution File, Format Version 11.00
# Visual Studio 2010
Project("{FAE04EC0-301F-11D3-BF4B-00C04F79EFBC}") = "Test", "Test.csproj", "{79103EA1-2601-407A-9F64-336ED7FB485D}"
EndProject
Project("{FAE04EC0-301F-11D3-BF4B-00C04F79EFBC}") = "DiffDiff", "..\..\..\Model\DiffDiff\DiffDiff.csproj", "{E06F204B-6D81-459E-91D0-6D1EAC946198}"
EndProject
Global
	GlobalSection(SolutionConfigurationPlatforms) = preSolution
		Debug|Any CPU = Debug|Any CPU
		Debug|Mixed Platforms = Debug|Mixed Platforms
		Debug|x86 = Debug|x86
		Release|Any CPU = Release|Any CPU
		Release|Mixed Platforms = Release|Mixed Platforms
		Release|x86 = Release|x86
	EndGlobalSection
	GlobalSection(ProjectConfigurationPlatforms) = postSolution
		{79103EA1-2601-407A-9F64-336ED7FB485D}.Debug|Any CPU.ActiveCfg = Debug|Any CPU
		{79103EA1-2601-407A-9F64-336ED7FB485D}.Debug|Any CPU.Build.0 = Debug|Any CPU
		{79103EA1-2601-407A-9F64-336ED7FB485D}.Debug|Mixed Platforms.ActiveCfg = Debug|Any CPU
		{79103EA1-2601-407A-9F64-336ED7FB485D}.Debug|Mixed Platforms.Build.0 = Debug|Any CPU
		{79103EA1-2601-407A-9F64-336ED7FB485D}.Debug|x86.ActiveCfg = Debug|Any CPU
		{79103EA1-2601-407A-9F64-336ED7FB485D}.Release|Any CPU.ActiveCfg = Release|Any CPU
		{79103EA1-2601-407A-9F64-336ED7FB485D}.Release|Any CPU.Build.0 = Release|Any CPU
		{79103EA1-2601-407A-9F64-336ED7FB485D}.Release|Mixed Platforms.ActiveCfg = Release|Any CPU
		{79103EA1-2601-407A-9F64-336ED7FB485D}.Release|Mixed Platforms.Build.0 = Release|Any CPU
		{79103EA1-2601-407A-9F64-336ED7FB485D}.Release|x86.ActiveCfg = Release|Any CPU
		{E06F204B-6D81-459E-91D0-6D1EAC946198}.Debug|Any CPU.ActiveCfg = Debug|x86
		{E06F204B-6D81-459E-91D0-6D1EAC946198}.Debug|Mixed Platforms.ActiveCfg = Debug|x86
		{E06F204B-6D81-459E-91D0-6D1EAC946198}.Debug|Mixed Platforms.Build.0 = Debug|x86
		{E06F204B-6D81-459E-91D0-6D1EAC946198}.Debug|x86.ActiveCfg = Debug|x86
		{E06F204B-6D81-459E-91D0-6D1EAC946198}.Debug|x86.Build.0 = Debug|x86
		{E06F204B-6D81-459E-91D0-6D1EAC946198}.Release|Any CPU.ActiveCfg = Release|x86
		{E06F204B-6D81-459E-91D0-6D1EAC946198}.Release|Mixed Platforms.ActiveCfg = Release|x86
		{E06F204B-6D81-459E-91D0-6D1EAC946198}.Release|Mixed Platforms.Build.0 = Release|x86
		{E06F204B-6D81-459E-91D0-6D1EAC946198}.Release|x86.ActiveCfg = Release|x86
		{E06F204B-6D81-459E-91D0-6D1EAC946198}.Release|x86.Build.0 = Release|x86
	EndGlobalSection
	GlobalSection(SolutionProperties) = preSolution
		HideSolutionNode = FALSE
	EndGlobalSection
EndGlobal
