
Microsoft Visual Studio Solution File, Format Version 11.00
# Visual Studio 2010
Project("{8BC9CEB8-8B4A-11D0-8D11-00A0C91BC942}") = "General", "General.vcxproj", "{76160C3C-4603-4836-9473-5B0841683218}"
EndProject
Project("{8BC9CEB8-8B4A-11D0-8D11-00A0C91BC942}") = "Input", "..\Input\Input.vcxproj", "{FE28AFA4-D615-4B56-A8FB-C280F4AF147C}"
EndProject
Global
	GlobalSection(DPCodeReviewSolutionGUID) = preSolution
		DPCodeReviewSolutionGUID = {00000000-0000-0000-0000-000000000000}
	EndGlobalSection
	GlobalSection(SolutionConfigurationPlatforms) = preSolution
		Debug|Win32 = Debug|Win32
		Release|Win32 = Release|Win32
	EndGlobalSection
	GlobalSection(ProjectConfigurationPlatforms) = postSolution
		{76160C3C-4603-4836-9473-5B0841683218}.Debug|Win32.ActiveCfg = Debug|Win32
		{76160C3C-4603-4836-9473-5B0841683218}.Debug|Win32.Build.0 = Debug|Win32
		{76160C3C-4603-4836-9473-5B0841683218}.Release|Win32.ActiveCfg = Release|Win32
		{76160C3C-4603-4836-9473-5B0841683218}.Release|Win32.Build.0 = Release|Win32
		{FE28AFA4-D615-4B56-A8FB-C280F4AF147C}.Debug|Win32.ActiveCfg = Debug|Win32
		{FE28AFA4-D615-4B56-A8FB-C280F4AF147C}.Debug|Win32.Build.0 = Debug|Win32
		{FE28AFA4-D615-4B56-A8FB-C280F4AF147C}.Release|Win32.ActiveCfg = Release|Win32
		{FE28AFA4-D615-4B56-A8FB-C280F4AF147C}.Release|Win32.Build.0 = Release|Win32
	EndGlobalSection
	GlobalSection(SolutionProperties) = preSolution
		HideSolutionNode = FALSE
	EndGlobalSection
EndGlobal
