
Microsoft Visual Studio Solution File, Format Version 11.00
# Visual Studio 2010
Project("{FAE04EC0-301F-11D3-BF4B-00C04F79EFBC}") = "StandardProducts", "StandardProducts\StandardProducts.csproj", "{FFF30A80-9A4A-4C2D-A82B-855A5D48FDF3}"
EndProject
Global
	GlobalSection(SolutionConfigurationPlatforms) = preSolution
		Debug|Any CPU = Debug|Any CPU
		Release|Any CPU = Release|Any CPU
	EndGlobalSection
	GlobalSection(ProjectConfigurationPlatforms) = postSolution
		{FFF30A80-9A4A-4C2D-A82B-855A5D48FDF3}.Debug|Any CPU.ActiveCfg = Debug|Any CPU
		{FFF30A80-9A4A-4C2D-A82B-855A5D48FDF3}.Debug|Any CPU.Build.0 = Debug|Any CPU
		{FFF30A80-9A4A-4C2D-A82B-855A5D48FDF3}.Release|Any CPU.ActiveCfg = Release|Any CPU
		{FFF30A80-9A4A-4C2D-A82B-855A5D48FDF3}.Release|Any CPU.Build.0 = Release|Any CPU
	EndGlobalSection
	GlobalSection(SolutionProperties) = preSolution
		HideSolutionNode = FALSE
	EndGlobalSection
EndGlobal
