
Microsoft Visual Studio Solution File, Format Version 10.00
# Visual Studio 2008
Project("{FAE04EC0-301F-11D3-BF4B-00C04F79EFBC}") = "InsertFilesIntoSetup", "InsertFilesIntoSetup.csproj", "{CBAFDBC9-444A-4641-B83B-E780D5FF6C4C}"
EndProject
Global
	GlobalSection(SolutionConfigurationPlatforms) = preSolution
		Debug|Any CPU = Debug|Any CPU
		Release|Any CPU = Release|Any CPU
	EndGlobalSection
	GlobalSection(ProjectConfigurationPlatforms) = postSolution
		{CBAFDBC9-444A-4641-B83B-E780D5FF6C4C}.Debug|Any CPU.ActiveCfg = Debug|Any CPU
		{CBAFDBC9-444A-4641-B83B-E780D5FF6C4C}.Debug|Any CPU.Build.0 = Debug|Any CPU
		{CBAFDBC9-444A-4641-B83B-E780D5FF6C4C}.Release|Any CPU.ActiveCfg = Release|Any CPU
		{CBAFDBC9-444A-4641-B83B-E780D5FF6C4C}.Release|Any CPU.Build.0 = Release|Any CPU
	EndGlobalSection
	GlobalSection(SolutionProperties) = preSolution
		HideSolutionNode = FALSE
	EndGlobalSection
EndGlobal
