
Microsoft Visual Studio Solution File, Format Version 11.00
# Visual Studio 2010
Project("{FAE04EC0-301F-11D3-BF4B-00C04F79EFBC}") = "CSUserInterface", "..\CSUserInterface\CSUserInterface.csproj", "{25C8E90E-D464-4F49-B29E-2811F1B266DE}"
EndProject
Project("{FAE04EC0-301F-11D3-BF4B-00C04F79EFBC}") = "ApsimFile", "..\ApsimFile\ApsimFile.csproj", "{416A3885-FD38-46D0-BE42-54AA33D146B7}"
EndProject
Project("{FAE04EC0-301F-11D3-BF4B-00C04F79EFBC}") = "ApsimUI", "ApsimUI.csproj", "{1BE08327-5D64-4591-ACCD-5CF8FFFDD932}"
EndProject
Project("{FAE04EC0-301F-11D3-BF4B-00C04F79EFBC}") = "ExcelUtility", "..\Excel\ExcelUtility.csproj", "{4E5222B2-546F-40D8-A637-A987605BCCCC}"
EndProject
Project("{FAE04EC0-301F-11D3-BF4B-00C04F79EFBC}") = "Controllers", "..\Controllers\Controllers.csproj", "{E8AB262C-A67A-4089-A0BF-DE59B3510A1A}"
EndProject
Project("{FAE04EC0-301F-11D3-BF4B-00C04F79EFBC}") = "UIUtility", "..\UIUtility\UIUtility.csproj", "{BD0D614A-2EF9-411B-9884-F1EBD349A0C8}"
EndProject
Project("{FAE04EC0-301F-11D3-BF4B-00C04F79EFBC}") = "Actions", "..\Actions\Actions.csproj", "{4CCD530F-ACD7-4027-9AF1-408C318DC575}"
EndProject
Project("{FAE04EC0-301F-11D3-BF4B-00C04F79EFBC}") = "UIBits", "..\UIBits\UIBits.csproj", "{29210E34-C94B-459F-A926-8203411B93BD}"
EndProject
Project("{FAE04EC0-301F-11D3-BF4B-00C04F79EFBC}") = "Graph", "..\Graph\Graph.csproj", "{DB91A541-BEE6-431C-B51F-8FD5220C3D0D}"
EndProject
Project("{FAE04EC0-301F-11D3-BF4B-00C04F79EFBC}") = "CPIUserInterface", "..\CPIUserInterface\CPIUserInterface.csproj", "{15A749C8-7D50-4290-A601-E00B3609EB1F}"
EndProject
Project("{FAE04EC0-301F-11D3-BF4B-00C04F79EFBC}") = "ConToApsim", "..\ConToApsim\ConToApsim.csproj", "{A3E3CEF9-B91E-4FC2-853E-5DA37AF30EFE}"
EndProject
Global
	GlobalSection(SolutionConfigurationPlatforms) = preSolution
		Debug|Any CPU = Debug|Any CPU
		Debug|Mixed Platforms = Debug|Mixed Platforms
		Debug|Win32 = Debug|Win32
		Debug|x86 = Debug|x86
		Release|Any CPU = Release|Any CPU
		Release|Mixed Platforms = Release|Mixed Platforms
		Release|Win32 = Release|Win32
		Release|x86 = Release|x86
	EndGlobalSection
	GlobalSection(ProjectConfigurationPlatforms) = postSolution
		{15A749C8-7D50-4290-A601-E00B3609EB1F}.Debug|Any CPU.ActiveCfg = Debug|Any CPU
		{15A749C8-7D50-4290-A601-E00B3609EB1F}.Debug|Any CPU.Build.0 = Debug|Any CPU
		{15A749C8-7D50-4290-A601-E00B3609EB1F}.Debug|Mixed Platforms.ActiveCfg = Debug|Any CPU
		{15A749C8-7D50-4290-A601-E00B3609EB1F}.Debug|Mixed Platforms.Build.0 = Debug|Any CPU
		{15A749C8-7D50-4290-A601-E00B3609EB1F}.Debug|Win32.ActiveCfg = Debug|Any CPU
		{15A749C8-7D50-4290-A601-E00B3609EB1F}.Debug|x86.ActiveCfg = Debug|Any CPU
		{15A749C8-7D50-4290-A601-E00B3609EB1F}.Release|Any CPU.ActiveCfg = Release|Any CPU
		{15A749C8-7D50-4290-A601-E00B3609EB1F}.Release|Any CPU.Build.0 = Release|Any CPU
		{15A749C8-7D50-4290-A601-E00B3609EB1F}.Release|Mixed Platforms.ActiveCfg = Release|Any CPU
		{15A749C8-7D50-4290-A601-E00B3609EB1F}.Release|Mixed Platforms.Build.0 = Release|Any CPU
		{15A749C8-7D50-4290-A601-E00B3609EB1F}.Release|Win32.ActiveCfg = Release|Any CPU
		{15A749C8-7D50-4290-A601-E00B3609EB1F}.Release|x86.ActiveCfg = Release|Any CPU
		{1BE08327-5D64-4591-ACCD-5CF8FFFDD932}.Debug|Any CPU.ActiveCfg = Debug|Any CPU
		{1BE08327-5D64-4591-ACCD-5CF8FFFDD932}.Debug|Any CPU.Build.0 = Debug|Any CPU
		{1BE08327-5D64-4591-ACCD-5CF8FFFDD932}.Debug|Mixed Platforms.ActiveCfg = Debug|Any CPU
		{1BE08327-5D64-4591-ACCD-5CF8FFFDD932}.Debug|Mixed Platforms.Build.0 = Debug|Any CPU
		{1BE08327-5D64-4591-ACCD-5CF8FFFDD932}.Debug|Win32.ActiveCfg = Debug|Any CPU
		{1BE08327-5D64-4591-ACCD-5CF8FFFDD932}.Debug|x86.ActiveCfg = Debug|Any CPU
		{1BE08327-5D64-4591-ACCD-5CF8FFFDD932}.Release|Any CPU.ActiveCfg = Release|Any CPU
		{1BE08327-5D64-4591-ACCD-5CF8FFFDD932}.Release|Any CPU.Build.0 = Release|Any CPU
		{1BE08327-5D64-4591-ACCD-5CF8FFFDD932}.Release|Mixed Platforms.ActiveCfg = Release|Any CPU
		{1BE08327-5D64-4591-ACCD-5CF8FFFDD932}.Release|Mixed Platforms.Build.0 = Release|Any CPU
		{1BE08327-5D64-4591-ACCD-5CF8FFFDD932}.Release|Win32.ActiveCfg = Release|Any CPU
		{1BE08327-5D64-4591-ACCD-5CF8FFFDD932}.Release|x86.ActiveCfg = Release|Any CPU
		{25C8E90E-D464-4F49-B29E-2811F1B266DE}.Debug|Any CPU.ActiveCfg = Debug|Any CPU
		{25C8E90E-D464-4F49-B29E-2811F1B266DE}.Debug|Any CPU.Build.0 = Debug|Any CPU
		{25C8E90E-D464-4F49-B29E-2811F1B266DE}.Debug|Mixed Platforms.ActiveCfg = Debug|Any CPU
		{25C8E90E-D464-4F49-B29E-2811F1B266DE}.Debug|Mixed Platforms.Build.0 = Debug|Any CPU
		{25C8E90E-D464-4F49-B29E-2811F1B266DE}.Debug|Win32.ActiveCfg = Debug|Any CPU
		{25C8E90E-D464-4F49-B29E-2811F1B266DE}.Debug|x86.ActiveCfg = Debug|Any CPU
		{25C8E90E-D464-4F49-B29E-2811F1B266DE}.Release|Any CPU.ActiveCfg = Release|Any CPU
		{25C8E90E-D464-4F49-B29E-2811F1B266DE}.Release|Any CPU.Build.0 = Release|Any CPU
		{25C8E90E-D464-4F49-B29E-2811F1B266DE}.Release|Mixed Platforms.ActiveCfg = Release|Any CPU
		{25C8E90E-D464-4F49-B29E-2811F1B266DE}.Release|Mixed Platforms.Build.0 = Release|Any CPU
		{25C8E90E-D464-4F49-B29E-2811F1B266DE}.Release|Win32.ActiveCfg = Release|Any CPU
		{25C8E90E-D464-4F49-B29E-2811F1B266DE}.Release|x86.ActiveCfg = Release|Any CPU
		{29210E34-C94B-459F-A926-8203411B93BD}.Debug|Any CPU.ActiveCfg = Debug|Any CPU
		{29210E34-C94B-459F-A926-8203411B93BD}.Debug|Any CPU.Build.0 = Debug|Any CPU
		{29210E34-C94B-459F-A926-8203411B93BD}.Debug|Mixed Platforms.ActiveCfg = Debug|Any CPU
		{29210E34-C94B-459F-A926-8203411B93BD}.Debug|Mixed Platforms.Build.0 = Debug|Any CPU
		{29210E34-C94B-459F-A926-8203411B93BD}.Debug|Win32.ActiveCfg = Debug|Any CPU
		{29210E34-C94B-459F-A926-8203411B93BD}.Debug|x86.ActiveCfg = Debug|Any CPU
		{29210E34-C94B-459F-A926-8203411B93BD}.Release|Any CPU.ActiveCfg = Release|Any CPU
		{29210E34-C94B-459F-A926-8203411B93BD}.Release|Any CPU.Build.0 = Release|Any CPU
		{29210E34-C94B-459F-A926-8203411B93BD}.Release|Mixed Platforms.ActiveCfg = Release|Any CPU
		{29210E34-C94B-459F-A926-8203411B93BD}.Release|Mixed Platforms.Build.0 = Release|Any CPU
		{29210E34-C94B-459F-A926-8203411B93BD}.Release|Win32.ActiveCfg = Release|Any CPU
		{29210E34-C94B-459F-A926-8203411B93BD}.Release|x86.ActiveCfg = Release|Any CPU
		{416A3885-FD38-46D0-BE42-54AA33D146B7}.Debug|Any CPU.ActiveCfg = Debug|Any CPU
		{416A3885-FD38-46D0-BE42-54AA33D146B7}.Debug|Any CPU.Build.0 = Debug|Any CPU
		{416A3885-FD38-46D0-BE42-54AA33D146B7}.Debug|Mixed Platforms.ActiveCfg = Debug|Any CPU
		{416A3885-FD38-46D0-BE42-54AA33D146B7}.Debug|Mixed Platforms.Build.0 = Debug|Any CPU
		{416A3885-FD38-46D0-BE42-54AA33D146B7}.Debug|Win32.ActiveCfg = Debug|Any CPU
		{416A3885-FD38-46D0-BE42-54AA33D146B7}.Debug|x86.ActiveCfg = Debug|Any CPU
		{416A3885-FD38-46D0-BE42-54AA33D146B7}.Release|Any CPU.ActiveCfg = Release|Any CPU
		{416A3885-FD38-46D0-BE42-54AA33D146B7}.Release|Any CPU.Build.0 = Release|Any CPU
		{416A3885-FD38-46D0-BE42-54AA33D146B7}.Release|Mixed Platforms.ActiveCfg = Release|Any CPU
		{416A3885-FD38-46D0-BE42-54AA33D146B7}.Release|Mixed Platforms.Build.0 = Release|Any CPU
		{416A3885-FD38-46D0-BE42-54AA33D146B7}.Release|Win32.ActiveCfg = Release|Any CPU
		{416A3885-FD38-46D0-BE42-54AA33D146B7}.Release|x86.ActiveCfg = Release|Any CPU
		{4CCD530F-ACD7-4027-9AF1-408C318DC575}.Debug|Any CPU.ActiveCfg = Debug|Any CPU
		{4CCD530F-ACD7-4027-9AF1-408C318DC575}.Debug|Any CPU.Build.0 = Debug|Any CPU
		{4CCD530F-ACD7-4027-9AF1-408C318DC575}.Debug|Mixed Platforms.ActiveCfg = Debug|Any CPU
		{4CCD530F-ACD7-4027-9AF1-408C318DC575}.Debug|Mixed Platforms.Build.0 = Debug|Any CPU
		{4CCD530F-ACD7-4027-9AF1-408C318DC575}.Debug|Win32.ActiveCfg = Debug|Any CPU
		{4CCD530F-ACD7-4027-9AF1-408C318DC575}.Debug|x86.ActiveCfg = Debug|Any CPU
		{4CCD530F-ACD7-4027-9AF1-408C318DC575}.Release|Any CPU.ActiveCfg = Release|Any CPU
		{4CCD530F-ACD7-4027-9AF1-408C318DC575}.Release|Any CPU.Build.0 = Release|Any CPU
		{4CCD530F-ACD7-4027-9AF1-408C318DC575}.Release|Mixed Platforms.ActiveCfg = Release|Any CPU
		{4CCD530F-ACD7-4027-9AF1-408C318DC575}.Release|Mixed Platforms.Build.0 = Release|Any CPU
		{4CCD530F-ACD7-4027-9AF1-408C318DC575}.Release|Win32.ActiveCfg = Release|Any CPU
		{4CCD530F-ACD7-4027-9AF1-408C318DC575}.Release|x86.ActiveCfg = Release|Any CPU
		{4E5222B2-546F-40D8-A637-A987605BCCCC}.Debug|Any CPU.ActiveCfg = Debug|Any CPU
		{4E5222B2-546F-40D8-A637-A987605BCCCC}.Debug|Any CPU.Build.0 = Debug|Any CPU
		{4E5222B2-546F-40D8-A637-A987605BCCCC}.Debug|Mixed Platforms.ActiveCfg = Debug|Any CPU
		{4E5222B2-546F-40D8-A637-A987605BCCCC}.Debug|Mixed Platforms.Build.0 = Debug|Any CPU
		{4E5222B2-546F-40D8-A637-A987605BCCCC}.Debug|Win32.ActiveCfg = Debug|Any CPU
		{4E5222B2-546F-40D8-A637-A987605BCCCC}.Debug|x86.ActiveCfg = Debug|Any CPU
		{4E5222B2-546F-40D8-A637-A987605BCCCC}.Release|Any CPU.ActiveCfg = Release|Any CPU
		{4E5222B2-546F-40D8-A637-A987605BCCCC}.Release|Any CPU.Build.0 = Release|Any CPU
		{4E5222B2-546F-40D8-A637-A987605BCCCC}.Release|Mixed Platforms.ActiveCfg = Release|Any CPU
		{4E5222B2-546F-40D8-A637-A987605BCCCC}.Release|Mixed Platforms.Build.0 = Release|Any CPU
		{4E5222B2-546F-40D8-A637-A987605BCCCC}.Release|Win32.ActiveCfg = Release|Any CPU
		{4E5222B2-546F-40D8-A637-A987605BCCCC}.Release|x86.ActiveCfg = Release|Any CPU
		{A3E3CEF9-B91E-4FC2-853E-5DA37AF30EFE}.Debug|Any CPU.ActiveCfg = Debug|Any CPU
		{A3E3CEF9-B91E-4FC2-853E-5DA37AF30EFE}.Debug|Any CPU.Build.0 = Debug|Any CPU
		{A3E3CEF9-B91E-4FC2-853E-5DA37AF30EFE}.Debug|Mixed Platforms.ActiveCfg = Debug|Any CPU
		{A3E3CEF9-B91E-4FC2-853E-5DA37AF30EFE}.Debug|Mixed Platforms.Build.0 = Debug|Any CPU
		{A3E3CEF9-B91E-4FC2-853E-5DA37AF30EFE}.Debug|Win32.ActiveCfg = Debug|Any CPU
		{A3E3CEF9-B91E-4FC2-853E-5DA37AF30EFE}.Debug|Win32.Build.0 = Debug|Any CPU
		{A3E3CEF9-B91E-4FC2-853E-5DA37AF30EFE}.Debug|x86.ActiveCfg = Debug|Any CPU
		{A3E3CEF9-B91E-4FC2-853E-5DA37AF30EFE}.Debug|x86.Build.0 = Debug|Any CPU
		{A3E3CEF9-B91E-4FC2-853E-5DA37AF30EFE}.Release|Any CPU.ActiveCfg = Release|Any CPU
		{A3E3CEF9-B91E-4FC2-853E-5DA37AF30EFE}.Release|Any CPU.Build.0 = Release|Any CPU
		{A3E3CEF9-B91E-4FC2-853E-5DA37AF30EFE}.Release|Mixed Platforms.ActiveCfg = Release|Any CPU
		{A3E3CEF9-B91E-4FC2-853E-5DA37AF30EFE}.Release|Mixed Platforms.Build.0 = Release|Any CPU
		{A3E3CEF9-B91E-4FC2-853E-5DA37AF30EFE}.Release|Win32.ActiveCfg = Release|Any CPU
		{A3E3CEF9-B91E-4FC2-853E-5DA37AF30EFE}.Release|Win32.Build.0 = Release|Any CPU
		{A3E3CEF9-B91E-4FC2-853E-5DA37AF30EFE}.Release|x86.ActiveCfg = Release|Any CPU
		{A3E3CEF9-B91E-4FC2-853E-5DA37AF30EFE}.Release|x86.Build.0 = Release|Any CPU
		{BD0D614A-2EF9-411B-9884-F1EBD349A0C8}.Debug|Any CPU.ActiveCfg = Debug|Any CPU
		{BD0D614A-2EF9-411B-9884-F1EBD349A0C8}.Debug|Any CPU.Build.0 = Debug|Any CPU
		{BD0D614A-2EF9-411B-9884-F1EBD349A0C8}.Debug|Mixed Platforms.ActiveCfg = Debug|Any CPU
		{BD0D614A-2EF9-411B-9884-F1EBD349A0C8}.Debug|Mixed Platforms.Build.0 = Debug|Any CPU
		{BD0D614A-2EF9-411B-9884-F1EBD349A0C8}.Debug|Win32.ActiveCfg = Debug|Any CPU
		{BD0D614A-2EF9-411B-9884-F1EBD349A0C8}.Debug|x86.ActiveCfg = Debug|Any CPU
		{BD0D614A-2EF9-411B-9884-F1EBD349A0C8}.Release|Any CPU.ActiveCfg = Release|Any CPU
		{BD0D614A-2EF9-411B-9884-F1EBD349A0C8}.Release|Any CPU.Build.0 = Release|Any CPU
		{BD0D614A-2EF9-411B-9884-F1EBD349A0C8}.Release|Mixed Platforms.ActiveCfg = Release|Any CPU
		{BD0D614A-2EF9-411B-9884-F1EBD349A0C8}.Release|Mixed Platforms.Build.0 = Release|Any CPU
		{BD0D614A-2EF9-411B-9884-F1EBD349A0C8}.Release|Win32.ActiveCfg = Release|Any CPU
		{BD0D614A-2EF9-411B-9884-F1EBD349A0C8}.Release|x86.ActiveCfg = Release|Any CPU
		{DB91A541-BEE6-431C-B51F-8FD5220C3D0D}.Debug|Any CPU.ActiveCfg = Debug|Any CPU
		{DB91A541-BEE6-431C-B51F-8FD5220C3D0D}.Debug|Any CPU.Build.0 = Debug|Any CPU
		{DB91A541-BEE6-431C-B51F-8FD5220C3D0D}.Debug|Mixed Platforms.ActiveCfg = Debug|Any CPU
		{DB91A541-BEE6-431C-B51F-8FD5220C3D0D}.Debug|Mixed Platforms.Build.0 = Debug|Any CPU
		{DB91A541-BEE6-431C-B51F-8FD5220C3D0D}.Debug|Win32.ActiveCfg = Debug|Any CPU
		{DB91A541-BEE6-431C-B51F-8FD5220C3D0D}.Debug|x86.ActiveCfg = Debug|Any CPU
		{DB91A541-BEE6-431C-B51F-8FD5220C3D0D}.Release|Any CPU.ActiveCfg = Release|Any CPU
		{DB91A541-BEE6-431C-B51F-8FD5220C3D0D}.Release|Any CPU.Build.0 = Release|Any CPU
		{DB91A541-BEE6-431C-B51F-8FD5220C3D0D}.Release|Mixed Platforms.ActiveCfg = Release|Any CPU
		{DB91A541-BEE6-431C-B51F-8FD5220C3D0D}.Release|Mixed Platforms.Build.0 = Release|Any CPU
		{DB91A541-BEE6-431C-B51F-8FD5220C3D0D}.Release|Win32.ActiveCfg = Release|Any CPU
		{DB91A541-BEE6-431C-B51F-8FD5220C3D0D}.Release|x86.ActiveCfg = Release|Any CPU
		{E8AB262C-A67A-4089-A0BF-DE59B3510A1A}.Debug|Any CPU.ActiveCfg = Debug|Any CPU
		{E8AB262C-A67A-4089-A0BF-DE59B3510A1A}.Debug|Any CPU.Build.0 = Debug|Any CPU
		{E8AB262C-A67A-4089-A0BF-DE59B3510A1A}.Debug|Mixed Platforms.ActiveCfg = Debug|Any CPU
		{E8AB262C-A67A-4089-A0BF-DE59B3510A1A}.Debug|Mixed Platforms.Build.0 = Debug|Any CPU
		{E8AB262C-A67A-4089-A0BF-DE59B3510A1A}.Debug|Win32.ActiveCfg = Debug|Any CPU
		{E8AB262C-A67A-4089-A0BF-DE59B3510A1A}.Debug|x86.ActiveCfg = Debug|Any CPU
		{E8AB262C-A67A-4089-A0BF-DE59B3510A1A}.Release|Any CPU.ActiveCfg = Release|Any CPU
		{E8AB262C-A67A-4089-A0BF-DE59B3510A1A}.Release|Any CPU.Build.0 = Release|Any CPU
		{E8AB262C-A67A-4089-A0BF-DE59B3510A1A}.Release|Mixed Platforms.ActiveCfg = Release|Any CPU
		{E8AB262C-A67A-4089-A0BF-DE59B3510A1A}.Release|Mixed Platforms.Build.0 = Release|Any CPU
		{E8AB262C-A67A-4089-A0BF-DE59B3510A1A}.Release|Win32.ActiveCfg = Release|Any CPU
		{E8AB262C-A67A-4089-A0BF-DE59B3510A1A}.Release|x86.ActiveCfg = Release|Any CPU
	EndGlobalSection
	GlobalSection(MonoDevelopProperties) = preSolution
		StartupItem = ApsimUI.csproj
	EndGlobalSection
	GlobalSection(SolutionProperties) = preSolution
		HideSolutionNode = FALSE
	EndGlobalSection
EndGlobal
