
Microsoft Visual Studio Solution File, Format Version 11.00
# Visual Studio 2010
Project("{FAE04EC0-301F-11D3-BF4B-00C04F79EFBC}") = "CSUserInterface", "..\CSUserInterface\CSUserInterface.csproj", "{25C8E90E-D464-4F49-B29E-2811F1B266DE}"
EndProject
Project("{FAE04EC0-301F-11D3-BF4B-00C04F79EFBC}") = "ApsimFile", "..\ApsimFile\ApsimFile.csproj", "{416A3885-FD38-46D0-BE42-54AA33D146B7}"
	ProjectSection(ProjectDependencies) = postProject
		{D2EDEF3F-995D-4E9D-9E7C-608D46259E9C} = {D2EDEF3F-995D-4E9D-9E7C-608D46259E9C}
	EndProjectSection
EndProject
Project("{FAE04EC0-301F-11D3-BF4B-00C04F79EFBC}") = "CSGeneral", "..\CSGeneral\CSGeneral.csproj", "{D2EDEF3F-995D-4E9D-9E7C-608D46259E9C}"
EndProject
Project("{F184B08F-C81C-45F6-A57F-5ABD9991F28F}") = "ApsimUI", "ApsimUI.vbproj", "{1955D0F0-3C58-4D2C-B5F1-0A3131E41ECC}"
EndProject
Project("{F184B08F-C81C-45F6-A57F-5ABD9991F28F}") = "VBMet", "..\VBMet\VBMet.vbproj", "{C922784D-0AF8-4CFD-878B-EC7D276F499F}"
EndProject
Project("{FAE04EC0-301F-11D3-BF4B-00C04F79EFBC}") = "ExcelUtility", "..\Excel\ExcelUtility.csproj", "{4E5222B2-546F-40D8-A637-A987605BCCCC}"
EndProject
Project("{F184B08F-C81C-45F6-A57F-5ABD9991F28F}") = "VBUserInterface", "..\VBUserInterface\VBUserInterface.vbproj", "{E78183EC-403E-4ED6-B6B0-9F60013FFEF4}"
EndProject
Project("{F184B08F-C81C-45F6-A57F-5ABD9991F28F}") = "Controllers", "..\Controllers\Controllers.vbproj", "{988E68C0-5735-4849-9447-BEABDEE5BCBA}"
EndProject
Project("{FAE04EC0-301F-11D3-BF4B-00C04F79EFBC}") = "UIUtility", "..\UIUtility\UIUtility.csproj", "{BD0D614A-2EF9-411B-9884-F1EBD349A0C8}"
EndProject
Project("{F184B08F-C81C-45F6-A57F-5ABD9991F28F}") = "Actions", "..\Actions\Actions.vbproj", "{3B17567C-6BD0-49F0-BB5F-B757F696F71A}"
EndProject
Project("{FAE04EC0-301F-11D3-BF4B-00C04F79EFBC}") = "UIBits", "..\UIBits\UIBits.csproj", "{29210E34-C94B-459F-A926-8203411B93BD}"
EndProject
Project("{FAE04EC0-301F-11D3-BF4B-00C04F79EFBC}") = "Graph", "..\Graph\Graph.csproj", "{DB91A541-BEE6-431C-B51F-8FD5220C3D0D}"
EndProject
Project("{FAE04EC0-301F-11D3-BF4B-00C04F79EFBC}") = "CPIUserInterface", "..\CPIUserInterface\CPIUserInterface.csproj", "{15A749C8-7D50-4290-A601-E00B3609EB1F}"
EndProject
Global
	GlobalSection(SolutionConfigurationPlatforms) = preSolution
		Debug|Any CPU = Debug|Any CPU
		Debug|Mixed Platforms = Debug|Mixed Platforms
		Debug|Win32 = Debug|Win32
		Debug|x86 = Debug|x86
		Release|Any CPU = Release|Any CPU
		Release|Mixed Platforms = Release|Mixed Platforms
		Release|Win32 = Release|Win32
		Release|x86 = Release|x86
	EndGlobalSection
	GlobalSection(ProjectConfigurationPlatforms) = postSolution
		{25C8E90E-D464-4F49-B29E-2811F1B266DE}.Debug|Any CPU.ActiveCfg = Debug|Any CPU
		{25C8E90E-D464-4F49-B29E-2811F1B266DE}.Debug|Any CPU.Build.0 = Debug|Any CPU
		{25C8E90E-D464-4F49-B29E-2811F1B266DE}.Debug|Mixed Platforms.ActiveCfg = Debug|Any CPU
		{25C8E90E-D464-4F49-B29E-2811F1B266DE}.Debug|Mixed Platforms.Build.0 = Debug|Any CPU
		{25C8E90E-D464-4F49-B29E-2811F1B266DE}.Debug|Win32.ActiveCfg = Debug|Any CPU
		{25C8E90E-D464-4F49-B29E-2811F1B266DE}.Debug|x86.ActiveCfg = Debug|Any CPU
		{25C8E90E-D464-4F49-B29E-2811F1B266DE}.Release|Any CPU.ActiveCfg = Release|Any CPU
		{25C8E90E-D464-4F49-B29E-2811F1B266DE}.Release|Any CPU.Build.0 = Release|Any CPU
		{25C8E90E-D464-4F49-B29E-2811F1B266DE}.Release|Mixed Platforms.ActiveCfg = Release|Any CPU
		{25C8E90E-D464-4F49-B29E-2811F1B266DE}.Release|Mixed Platforms.Build.0 = Release|Any CPU
		{25C8E90E-D464-4F49-B29E-2811F1B266DE}.Release|Win32.ActiveCfg = Release|Any CPU
		{25C8E90E-D464-4F49-B29E-2811F1B266DE}.Release|x86.ActiveCfg = Release|Any CPU
		{416A3885-FD38-46D0-BE42-54AA33D146B7}.Debug|Any CPU.ActiveCfg = Debug|Any CPU
		{416A3885-FD38-46D0-BE42-54AA33D146B7}.Debug|Any CPU.Build.0 = Debug|Any CPU
		{416A3885-FD38-46D0-BE42-54AA33D146B7}.Debug|Mixed Platforms.ActiveCfg = Debug|Any CPU
		{416A3885-FD38-46D0-BE42-54AA33D146B7}.Debug|Mixed Platforms.Build.0 = Debug|Any CPU
		{416A3885-FD38-46D0-BE42-54AA33D146B7}.Debug|Win32.ActiveCfg = Debug|Any CPU
		{416A3885-FD38-46D0-BE42-54AA33D146B7}.Debug|x86.ActiveCfg = Debug|Any CPU
		{416A3885-FD38-46D0-BE42-54AA33D146B7}.Release|Any CPU.ActiveCfg = Release|Any CPU
		{416A3885-FD38-46D0-BE42-54AA33D146B7}.Release|Any CPU.Build.0 = Release|Any CPU
		{416A3885-FD38-46D0-BE42-54AA33D146B7}.Release|Mixed Platforms.ActiveCfg = Release|Any CPU
		{416A3885-FD38-46D0-BE42-54AA33D146B7}.Release|Mixed Platforms.Build.0 = Release|Any CPU
		{416A3885-FD38-46D0-BE42-54AA33D146B7}.Release|Win32.ActiveCfg = Release|Any CPU
		{416A3885-FD38-46D0-BE42-54AA33D146B7}.Release|x86.ActiveCfg = Release|Any CPU
		{D2EDEF3F-995D-4E9D-9E7C-608D46259E9C}.Debug|Any CPU.ActiveCfg = Debug|Any CPU
		{D2EDEF3F-995D-4E9D-9E7C-608D46259E9C}.Debug|Any CPU.Build.0 = Debug|Any CPU
		{D2EDEF3F-995D-4E9D-9E7C-608D46259E9C}.Debug|Mixed Platforms.ActiveCfg = Debug|Any CPU
		{D2EDEF3F-995D-4E9D-9E7C-608D46259E9C}.Debug|Mixed Platforms.Build.0 = Debug|Any CPU
		{D2EDEF3F-995D-4E9D-9E7C-608D46259E9C}.Debug|Win32.ActiveCfg = Debug|Any CPU
		{D2EDEF3F-995D-4E9D-9E7C-608D46259E9C}.Debug|x86.ActiveCfg = Debug|Any CPU
		{D2EDEF3F-995D-4E9D-9E7C-608D46259E9C}.Release|Any CPU.ActiveCfg = Release|Any CPU
		{D2EDEF3F-995D-4E9D-9E7C-608D46259E9C}.Release|Any CPU.Build.0 = Release|Any CPU
		{D2EDEF3F-995D-4E9D-9E7C-608D46259E9C}.Release|Mixed Platforms.ActiveCfg = Release|Any CPU
		{D2EDEF3F-995D-4E9D-9E7C-608D46259E9C}.Release|Mixed Platforms.Build.0 = Release|Any CPU
		{D2EDEF3F-995D-4E9D-9E7C-608D46259E9C}.Release|Win32.ActiveCfg = Release|Any CPU
		{D2EDEF3F-995D-4E9D-9E7C-608D46259E9C}.Release|x86.ActiveCfg = Release|Any CPU
		{1955D0F0-3C58-4D2C-B5F1-0A3131E41ECC}.Debug|Any CPU.ActiveCfg = Debug|Any CPU
		{1955D0F0-3C58-4D2C-B5F1-0A3131E41ECC}.Debug|Any CPU.Build.0 = Debug|Any CPU
		{1955D0F0-3C58-4D2C-B5F1-0A3131E41ECC}.Debug|Mixed Platforms.ActiveCfg = Debug|Any CPU
		{1955D0F0-3C58-4D2C-B5F1-0A3131E41ECC}.Debug|Mixed Platforms.Build.0 = Debug|Any CPU
		{1955D0F0-3C58-4D2C-B5F1-0A3131E41ECC}.Debug|Win32.ActiveCfg = Debug|Any CPU
		{1955D0F0-3C58-4D2C-B5F1-0A3131E41ECC}.Debug|x86.ActiveCfg = Debug|Any CPU
		{1955D0F0-3C58-4D2C-B5F1-0A3131E41ECC}.Release|Any CPU.ActiveCfg = Release|Any CPU
		{1955D0F0-3C58-4D2C-B5F1-0A3131E41ECC}.Release|Any CPU.Build.0 = Release|Any CPU
		{1955D0F0-3C58-4D2C-B5F1-0A3131E41ECC}.Release|Mixed Platforms.ActiveCfg = Release|Any CPU
		{1955D0F0-3C58-4D2C-B5F1-0A3131E41ECC}.Release|Mixed Platforms.Build.0 = Release|Any CPU
		{1955D0F0-3C58-4D2C-B5F1-0A3131E41ECC}.Release|Win32.ActiveCfg = Release|Any CPU
		{1955D0F0-3C58-4D2C-B5F1-0A3131E41ECC}.Release|x86.ActiveCfg = Release|Any CPU
		{C922784D-0AF8-4CFD-878B-EC7D276F499F}.Debug|Any CPU.ActiveCfg = Debug|Any CPU
		{C922784D-0AF8-4CFD-878B-EC7D276F499F}.Debug|Any CPU.Build.0 = Debug|Any CPU
		{C922784D-0AF8-4CFD-878B-EC7D276F499F}.Debug|Mixed Platforms.ActiveCfg = Debug|Any CPU
		{C922784D-0AF8-4CFD-878B-EC7D276F499F}.Debug|Mixed Platforms.Build.0 = Debug|Any CPU
		{C922784D-0AF8-4CFD-878B-EC7D276F499F}.Debug|Win32.ActiveCfg = Debug|Any CPU
		{C922784D-0AF8-4CFD-878B-EC7D276F499F}.Debug|x86.ActiveCfg = Debug|Any CPU
		{C922784D-0AF8-4CFD-878B-EC7D276F499F}.Release|Any CPU.ActiveCfg = Release|Any CPU
		{C922784D-0AF8-4CFD-878B-EC7D276F499F}.Release|Any CPU.Build.0 = Release|Any CPU
		{C922784D-0AF8-4CFD-878B-EC7D276F499F}.Release|Mixed Platforms.ActiveCfg = Release|Any CPU
		{C922784D-0AF8-4CFD-878B-EC7D276F499F}.Release|Mixed Platforms.Build.0 = Release|Any CPU
		{C922784D-0AF8-4CFD-878B-EC7D276F499F}.Release|Win32.ActiveCfg = Release|Any CPU
		{C922784D-0AF8-4CFD-878B-EC7D276F499F}.Release|x86.ActiveCfg = Release|Any CPU
		{4E5222B2-546F-40D8-A637-A987605BCCCC}.Debug|Any CPU.ActiveCfg = Debug|Any CPU
		{4E5222B2-546F-40D8-A637-A987605BCCCC}.Debug|Any CPU.Build.0 = Debug|Any CPU
		{4E5222B2-546F-40D8-A637-A987605BCCCC}.Debug|Mixed Platforms.ActiveCfg = Debug|Any CPU
		{4E5222B2-546F-40D8-A637-A987605BCCCC}.Debug|Mixed Platforms.Build.0 = Debug|Any CPU
		{4E5222B2-546F-40D8-A637-A987605BCCCC}.Debug|Win32.ActiveCfg = Debug|Any CPU
		{4E5222B2-546F-40D8-A637-A987605BCCCC}.Debug|x86.ActiveCfg = Debug|Any CPU
		{4E5222B2-546F-40D8-A637-A987605BCCCC}.Release|Any CPU.ActiveCfg = Release|Any CPU
		{4E5222B2-546F-40D8-A637-A987605BCCCC}.Release|Any CPU.Build.0 = Release|Any CPU
		{4E5222B2-546F-40D8-A637-A987605BCCCC}.Release|Mixed Platforms.ActiveCfg = Release|Any CPU
		{4E5222B2-546F-40D8-A637-A987605BCCCC}.Release|Mixed Platforms.Build.0 = Release|Any CPU
		{4E5222B2-546F-40D8-A637-A987605BCCCC}.Release|Win32.ActiveCfg = Release|Any CPU
		{4E5222B2-546F-40D8-A637-A987605BCCCC}.Release|x86.ActiveCfg = Release|Any CPU
		{E78183EC-403E-4ED6-B6B0-9F60013FFEF4}.Debug|Any CPU.ActiveCfg = Debug|Any CPU
		{E78183EC-403E-4ED6-B6B0-9F60013FFEF4}.Debug|Any CPU.Build.0 = Debug|Any CPU
		{E78183EC-403E-4ED6-B6B0-9F60013FFEF4}.Debug|Mixed Platforms.ActiveCfg = Debug|Any CPU
		{E78183EC-403E-4ED6-B6B0-9F60013FFEF4}.Debug|Mixed Platforms.Build.0 = Debug|Any CPU
		{E78183EC-403E-4ED6-B6B0-9F60013FFEF4}.Debug|Win32.ActiveCfg = Debug|Any CPU
		{E78183EC-403E-4ED6-B6B0-9F60013FFEF4}.Debug|x86.ActiveCfg = Debug|Any CPU
		{E78183EC-403E-4ED6-B6B0-9F60013FFEF4}.Release|Any CPU.ActiveCfg = Release|Any CPU
		{E78183EC-403E-4ED6-B6B0-9F60013FFEF4}.Release|Any CPU.Build.0 = Release|Any CPU
		{E78183EC-403E-4ED6-B6B0-9F60013FFEF4}.Release|Mixed Platforms.ActiveCfg = Release|Any CPU
		{E78183EC-403E-4ED6-B6B0-9F60013FFEF4}.Release|Mixed Platforms.Build.0 = Release|Any CPU
		{E78183EC-403E-4ED6-B6B0-9F60013FFEF4}.Release|Win32.ActiveCfg = Release|Any CPU
		{E78183EC-403E-4ED6-B6B0-9F60013FFEF4}.Release|x86.ActiveCfg = Release|Any CPU
		{988E68C0-5735-4849-9447-BEABDEE5BCBA}.Debug|Any CPU.ActiveCfg = Debug|Any CPU
		{988E68C0-5735-4849-9447-BEABDEE5BCBA}.Debug|Any CPU.Build.0 = Debug|Any CPU
		{988E68C0-5735-4849-9447-BEABDEE5BCBA}.Debug|Mixed Platforms.ActiveCfg = Debug|Any CPU
		{988E68C0-5735-4849-9447-BEABDEE5BCBA}.Debug|Mixed Platforms.Build.0 = Debug|Any CPU
		{988E68C0-5735-4849-9447-BEABDEE5BCBA}.Debug|Win32.ActiveCfg = Debug|Any CPU
		{988E68C0-5735-4849-9447-BEABDEE5BCBA}.Debug|x86.ActiveCfg = Debug|Any CPU
		{988E68C0-5735-4849-9447-BEABDEE5BCBA}.Release|Any CPU.ActiveCfg = Release|Any CPU
		{988E68C0-5735-4849-9447-BEABDEE5BCBA}.Release|Any CPU.Build.0 = Release|Any CPU
		{988E68C0-5735-4849-9447-BEABDEE5BCBA}.Release|Mixed Platforms.ActiveCfg = Release|Any CPU
		{988E68C0-5735-4849-9447-BEABDEE5BCBA}.Release|Mixed Platforms.Build.0 = Release|Any CPU
		{988E68C0-5735-4849-9447-BEABDEE5BCBA}.Release|Win32.ActiveCfg = Release|Any CPU
		{988E68C0-5735-4849-9447-BEABDEE5BCBA}.Release|x86.ActiveCfg = Release|Any CPU
		{BD0D614A-2EF9-411B-9884-F1EBD349A0C8}.Debug|Any CPU.ActiveCfg = Debug|Any CPU
		{BD0D614A-2EF9-411B-9884-F1EBD349A0C8}.Debug|Any CPU.Build.0 = Debug|Any CPU
		{BD0D614A-2EF9-411B-9884-F1EBD349A0C8}.Debug|Mixed Platforms.ActiveCfg = Debug|Any CPU
		{BD0D614A-2EF9-411B-9884-F1EBD349A0C8}.Debug|Mixed Platforms.Build.0 = Debug|Any CPU
		{BD0D614A-2EF9-411B-9884-F1EBD349A0C8}.Debug|Win32.ActiveCfg = Debug|Any CPU
		{BD0D614A-2EF9-411B-9884-F1EBD349A0C8}.Debug|x86.ActiveCfg = Debug|Any CPU
		{BD0D614A-2EF9-411B-9884-F1EBD349A0C8}.Release|Any CPU.ActiveCfg = Release|Any CPU
		{BD0D614A-2EF9-411B-9884-F1EBD349A0C8}.Release|Any CPU.Build.0 = Release|Any CPU
		{BD0D614A-2EF9-411B-9884-F1EBD349A0C8}.Release|Mixed Platforms.ActiveCfg = Release|Any CPU
		{BD0D614A-2EF9-411B-9884-F1EBD349A0C8}.Release|Mixed Platforms.Build.0 = Release|Any CPU
		{BD0D614A-2EF9-411B-9884-F1EBD349A0C8}.Release|Win32.ActiveCfg = Release|Any CPU
		{BD0D614A-2EF9-411B-9884-F1EBD349A0C8}.Release|x86.ActiveCfg = Release|Any CPU
		{3B17567C-6BD0-49F0-BB5F-B757F696F71A}.Debug|Any CPU.ActiveCfg = Debug|Any CPU
		{3B17567C-6BD0-49F0-BB5F-B757F696F71A}.Debug|Any CPU.Build.0 = Debug|Any CPU
		{3B17567C-6BD0-49F0-BB5F-B757F696F71A}.Debug|Mixed Platforms.ActiveCfg = Debug|Any CPU
		{3B17567C-6BD0-49F0-BB5F-B757F696F71A}.Debug|Mixed Platforms.Build.0 = Debug|Any CPU
		{3B17567C-6BD0-49F0-BB5F-B757F696F71A}.Debug|Win32.ActiveCfg = Debug|Any CPU
		{3B17567C-6BD0-49F0-BB5F-B757F696F71A}.Debug|x86.ActiveCfg = Debug|Any CPU
		{3B17567C-6BD0-49F0-BB5F-B757F696F71A}.Release|Any CPU.ActiveCfg = Release|Any CPU
		{3B17567C-6BD0-49F0-BB5F-B757F696F71A}.Release|Any CPU.Build.0 = Release|Any CPU
		{3B17567C-6BD0-49F0-BB5F-B757F696F71A}.Release|Mixed Platforms.ActiveCfg = Release|Any CPU
		{3B17567C-6BD0-49F0-BB5F-B757F696F71A}.Release|Mixed Platforms.Build.0 = Release|Any CPU
		{3B17567C-6BD0-49F0-BB5F-B757F696F71A}.Release|Win32.ActiveCfg = Release|Any CPU
		{3B17567C-6BD0-49F0-BB5F-B757F696F71A}.Release|x86.ActiveCfg = Release|Any CPU
		{29210E34-C94B-459F-A926-8203411B93BD}.Debug|Any CPU.ActiveCfg = Debug|Any CPU
		{29210E34-C94B-459F-A926-8203411B93BD}.Debug|Any CPU.Build.0 = Debug|Any CPU
		{29210E34-C94B-459F-A926-8203411B93BD}.Debug|Mixed Platforms.ActiveCfg = Debug|Any CPU
		{29210E34-C94B-459F-A926-8203411B93BD}.Debug|Mixed Platforms.Build.0 = Debug|Any CPU
		{29210E34-C94B-459F-A926-8203411B93BD}.Debug|Win32.ActiveCfg = Debug|Any CPU
		{29210E34-C94B-459F-A926-8203411B93BD}.Debug|x86.ActiveCfg = Debug|Any CPU
		{29210E34-C94B-459F-A926-8203411B93BD}.Release|Any CPU.ActiveCfg = Release|Any CPU
		{29210E34-C94B-459F-A926-8203411B93BD}.Release|Any CPU.Build.0 = Release|Any CPU
		{29210E34-C94B-459F-A926-8203411B93BD}.Release|Mixed Platforms.ActiveCfg = Release|Any CPU
		{29210E34-C94B-459F-A926-8203411B93BD}.Release|Mixed Platforms.Build.0 = Release|Any CPU
		{29210E34-C94B-459F-A926-8203411B93BD}.Release|Win32.ActiveCfg = Release|Any CPU
		{29210E34-C94B-459F-A926-8203411B93BD}.Release|x86.ActiveCfg = Release|Any CPU
		{DB91A541-BEE6-431C-B51F-8FD5220C3D0D}.Debug|Any CPU.ActiveCfg = Debug|Any CPU
		{DB91A541-BEE6-431C-B51F-8FD5220C3D0D}.Debug|Any CPU.Build.0 = Debug|Any CPU
		{DB91A541-BEE6-431C-B51F-8FD5220C3D0D}.Debug|Mixed Platforms.ActiveCfg = Debug|Any CPU
		{DB91A541-BEE6-431C-B51F-8FD5220C3D0D}.Debug|Mixed Platforms.Build.0 = Debug|Any CPU
		{DB91A541-BEE6-431C-B51F-8FD5220C3D0D}.Debug|Win32.ActiveCfg = Debug|Any CPU
		{DB91A541-BEE6-431C-B51F-8FD5220C3D0D}.Debug|x86.ActiveCfg = Debug|Any CPU
		{DB91A541-BEE6-431C-B51F-8FD5220C3D0D}.Release|Any CPU.ActiveCfg = Release|Any CPU
		{DB91A541-BEE6-431C-B51F-8FD5220C3D0D}.Release|Any CPU.Build.0 = Release|Any CPU
		{DB91A541-BEE6-431C-B51F-8FD5220C3D0D}.Release|Mixed Platforms.ActiveCfg = Release|Any CPU
		{DB91A541-BEE6-431C-B51F-8FD5220C3D0D}.Release|Mixed Platforms.Build.0 = Release|Any CPU
		{DB91A541-BEE6-431C-B51F-8FD5220C3D0D}.Release|Win32.ActiveCfg = Release|Any CPU
		{DB91A541-BEE6-431C-B51F-8FD5220C3D0D}.Release|x86.ActiveCfg = Release|Any CPU
		{15A749C8-7D50-4290-A601-E00B3609EB1F}.Debug|Any CPU.ActiveCfg = Debug|Any CPU
		{15A749C8-7D50-4290-A601-E00B3609EB1F}.Debug|Any CPU.Build.0 = Debug|Any CPU
		{15A749C8-7D50-4290-A601-E00B3609EB1F}.Debug|Mixed Platforms.ActiveCfg = Debug|Any CPU
		{15A749C8-7D50-4290-A601-E00B3609EB1F}.Debug|Mixed Platforms.Build.0 = Debug|Any CPU
		{15A749C8-7D50-4290-A601-E00B3609EB1F}.Debug|Win32.ActiveCfg = Debug|Any CPU
		{15A749C8-7D50-4290-A601-E00B3609EB1F}.Debug|x86.ActiveCfg = Debug|Any CPU
		{15A749C8-7D50-4290-A601-E00B3609EB1F}.Release|Any CPU.ActiveCfg = Release|Any CPU
		{15A749C8-7D50-4290-A601-E00B3609EB1F}.Release|Any CPU.Build.0 = Release|Any CPU
		{15A749C8-7D50-4290-A601-E00B3609EB1F}.Release|Mixed Platforms.ActiveCfg = Release|Any CPU
		{15A749C8-7D50-4290-A601-E00B3609EB1F}.Release|Mixed Platforms.Build.0 = Release|Any CPU
		{15A749C8-7D50-4290-A601-E00B3609EB1F}.Release|Win32.ActiveCfg = Release|Any CPU
		{15A749C8-7D50-4290-A601-E00B3609EB1F}.Release|x86.ActiveCfg = Release|Any CPU
	EndGlobalSection
	GlobalSection(SolutionProperties) = preSolution
		HideSolutionNode = FALSE
	EndGlobalSection
EndGlobal
