<?xml version="1.0" encoding="utf-8"?>
<Project ToolsVersion="4.0" xmlns="http://schemas.microsoft.com/developer/msbuild/2003">
  <ItemGroup>
    <Filter Include="Header Files">
      <UniqueIdentifier>{93995380-89BD-4b04-88EB-625FBE52EBFB}</UniqueIdentifier>
      <Extensions>h;hpp;hxx;hm;inl;inc;xsd</Extensions>
    </Filter>
    <Filter Include="Resource Files">
      <UniqueIdentifier>{67DA6AB6-F800-4c08-8B7A-83BB121AAD01}</UniqueIdentifier>
      <Extensions>rc;ico;cur;bmp;dlg;rc2;rct;bin;rgs;gif;jpg;jpeg;jpe;resx</Extensions>
    </Filter>
    <Filter Include="Source Files">
      <UniqueIdentifier>{4FC737F1-C7A5-4376-A066-2A32D752A2FF}</UniqueIdentifier>
      <Extensions>cpp;c;cc;cxx;def;odl;idl;hpj;bat;asm;asmx</Extensions>
    </Filter>
  </ItemGroup>
  <ItemGroup>
    <ClInclude Include="Biomass.h">
      <Filter>Header Files</Filter>
    </ClInclude>
    <ClInclude Include="conversions.h">
      <Filter>Header Files</Filter>
    </ClInclude>
    <ClInclude Include="Grain.h">
      <Filter>Header Files</Filter>
    </ClInclude>
    <ClInclude Include="Leaf.h">
      <Filter>Header Files</Filter>
    </ClInclude>
    <ClInclude Include="Nitrogen.h">
      <Filter>Header Files</Filter>
    </ClInclude>
    <ClInclude Include="Phenology.h">
      <Filter>Header Files</Filter>
    </ClInclude>
    <ClInclude Include="Phosphorus.h">
      <Filter>Header Files</Filter>
    </ClInclude>
    <ClInclude Include="Plant.h">
      <Filter>Header Files</Filter>
    </ClInclude>
    <ClInclude Include="PlantActions.h">
      <Filter>Header Files</Filter>
    </ClInclude>
    <ClInclude Include="PlantComponents.h">
      <Filter>Header Files</Filter>
    </ClInclude>
    <ClInclude Include="PlantInterface.h">
      <Filter>Header Files</Filter>
    </ClInclude>
    <ClInclude Include="Rachis.h">
      <Filter>Header Files</Filter>
    </ClInclude>
    <ClInclude Include="Roots.h">
      <Filter>Header Files</Filter>
    </ClInclude>
    <ClInclude Include="Stem.h">
      <Filter>Header Files</Filter>
    </ClInclude>
    <ClInclude Include="TypeKind.h">
      <Filter>Header Files</Filter>
    </ClInclude>
    <ClInclude Include="Utilities.h">
      <Filter>Header Files</Filter>
    </ClInclude>
    <ClInclude Include="Water.h">
      <Filter>Header Files</Filter>
    </ClInclude>
  </ItemGroup>
  <ItemGroup>
    <ClCompile Include="Biomass.cpp">
      <Filter>Source Files</Filter>
    </ClCompile>
    <ClCompile Include="..\ComponentInterface2\CMPComponentEntryPoints.cpp">
      <Filter>Source Files</Filter>
    </ClCompile>
    <ClCompile Include="Dll.cpp">
      <Filter>Source Files</Filter>
    </ClCompile>
    <ClCompile Include="Grain.cpp">
      <Filter>Source Files</Filter>
    </ClCompile>
    <ClCompile Include="Leaf.cpp">
      <Filter>Source Files</Filter>
    </ClCompile>
    <ClCompile Include="Nitrogen.cpp">
      <Filter>Source Files</Filter>
    </ClCompile>
    <ClCompile Include="Phenology.cpp">
      <Filter>Source Files</Filter>
    </ClCompile>
    <ClCompile Include="Phosphorus.cpp">
      <Filter>Source Files</Filter>
    </ClCompile>
    <ClCompile Include="Plant.cpp">
      <Filter>Source Files</Filter>
    </ClCompile>
    <ClCompile Include="PlantActions.cpp">
      <Filter>Source Files</Filter>
    </ClCompile>
    <ClCompile Include="PlantComponents.cpp">
      <Filter>Source Files</Filter>
    </ClCompile>
    <ClCompile Include="PlantInterface.cpp">
      <Filter>Source Files</Filter>
    </ClCompile>
    <ClCompile Include="Rachis.cpp">
      <Filter>Source Files</Filter>
    </ClCompile>
    <ClCompile Include="Roots.cpp">
      <Filter>Source Files</Filter>
    </ClCompile>
    <ClCompile Include="Stem.cpp">
      <Filter>Source Files</Filter>
    </ClCompile>
    <ClCompile Include="Utilities.cpp">
      <Filter>Source Files</Filter>
    </ClCompile>
    <ClCompile Include="Water.cpp">
      <Filter>Source Files</Filter>
    </ClCompile>
  </ItemGroup>
  <ItemGroup>
    <None Include="Notes.txt" />
    <None Include="Maize.def">
      <Filter>Source Files</Filter>
    </None>
  </ItemGroup>
  <ItemGroup>
    <Library Include="..\ApsimShared.lib" />
    <Library Include="..\ComponentInterface2.lib" />
    <Library Include="..\General.lib" />
  </ItemGroup>
</Project>