
Microsoft Visual Studio Solution File, Format Version 10.00
# Visual Studio 2008
Project("{8BC9CEB8-8B4A-11D0-8D11-00A0C91BC942}") = "ComponentInterface2", "ComponentInterface2.vcproj", "{4C8BDE84-C83D-4707-98E7-54DDB7B06780}"
EndProject
Global
	GlobalSection(SolutionConfigurationPlatforms) = preSolution
		Debug|Win32 = Debug|Win32
		Release|Win32 = Release|Win32
	EndGlobalSection
	GlobalSection(ProjectConfigurationPlatforms) = postSolution
		{4C8BDE84-C83D-4707-98E7-54DDB7B06780}.Debug|Win32.ActiveCfg = Debug|Win32
		{4C8BDE84-C83D-4707-98E7-54DDB7B06780}.Debug|Win32.Build.0 = Debug|Win32
		{4C8BDE84-C83D-4707-98E7-54DDB7B06780}.Release|Win32.ActiveCfg = Release|Win32
		{4C8BDE84-C83D-4707-98E7-54DDB7B06780}.Release|Win32.Build.0 = Release|Win32
	EndGlobalSection
	GlobalSection(SolutionProperties) = preSolution
		HideSolutionNode = FALSE
	EndGlobalSection
EndGlobal
