
Microsoft Visual Studio Solution File, Format Version 11.00
# Visual Studio 2010
Project("{FAE04EC0-301F-11D3-BF4B-00C04F79EFBC}") = "FertiliserNET", "FertiliserNET.csproj", "{C4CF9F0D-EF73-4492-8797-C9C5E7BB1F74}"
EndProject
Global
	GlobalSection(SolutionConfigurationPlatforms) = preSolution
		Debug|Any CPU = Debug|Any CPU
		Release|Any CPU = Release|Any CPU
	EndGlobalSection
	GlobalSection(ProjectConfigurationPlatforms) = postSolution
		{C4CF9F0D-EF73-4492-8797-C9C5E7BB1F74}.Debug|Any CPU.ActiveCfg = Debug|Any CPU
		{C4CF9F0D-EF73-4492-8797-C9C5E7BB1F74}.Debug|Any CPU.Build.0 = Debug|Any CPU
		{C4CF9F0D-EF73-4492-8797-C9C5E7BB1F74}.Release|Any CPU.ActiveCfg = Release|Any CPU
		{C4CF9F0D-EF73-4492-8797-C9C5E7BB1F74}.Release|Any CPU.Build.0 = Release|Any CPU
	EndGlobalSection
	GlobalSection(SolutionProperties) = preSolution
		HideSolutionNode = FALSE
	EndGlobalSection
EndGlobal
