
Microsoft Visual Studio Solution File, Format Version 11.00
# Visual Studio 2010
Project("{FAE04EC0-301F-11D3-BF4B-00C04F79EFBC}") = "SysBal2", "SysBal2.csproj", "{B8FD352B-935B-4E3D-80CC-FBB88F4110FA}"
EndProject
Global
	GlobalSection(SolutionConfigurationPlatforms) = preSolution
		Debug|Any CPU = Debug|Any CPU
		Release|Any CPU = Release|Any CPU
	EndGlobalSection
	GlobalSection(ProjectConfigurationPlatforms) = postSolution
		{B8FD352B-935B-4E3D-80CC-FBB88F4110FA}.Debug|Any CPU.ActiveCfg = Debug|Any CPU
		{B8FD352B-935B-4E3D-80CC-FBB88F4110FA}.Debug|Any CPU.Build.0 = Debug|Any CPU
		{B8FD352B-935B-4E3D-80CC-FBB88F4110FA}.Release|Any CPU.ActiveCfg = Release|Any CPU
		{B8FD352B-935B-4E3D-80CC-FBB88F4110FA}.Release|Any CPU.Build.0 = Release|Any CPU
	EndGlobalSection
	GlobalSection(SolutionProperties) = preSolution
		HideSolutionNode = FALSE
	EndGlobalSection
EndGlobal
