
Microsoft Visual Studio Solution File, Format Version 11.00
# Visual Studio 2010
Project("{FAE04EC0-301F-11D3-BF4B-00C04F79EFBC}") = "pigs", "pigs\pigs.csproj", "{AFD1E06F-B987-4147-A6C0-9B92D6BD5628}"
EndProject
Global
	GlobalSection(SolutionConfigurationPlatforms) = preSolution
		Debug|Any CPU = Debug|Any CPU
		Release|Any CPU = Release|Any CPU
	EndGlobalSection
	GlobalSection(ProjectConfigurationPlatforms) = postSolution
		{AFD1E06F-B987-4147-A6C0-9B92D6BD5628}.Debug|Any CPU.ActiveCfg = Debug|Any CPU
		{AFD1E06F-B987-4147-A6C0-9B92D6BD5628}.Debug|Any CPU.Build.0 = Debug|Any CPU
		{AFD1E06F-B987-4147-A6C0-9B92D6BD5628}.Release|Any CPU.ActiveCfg = Release|Any CPU
		{AFD1E06F-B987-4147-A6C0-9B92D6BD5628}.Release|Any CPU.Build.0 = Release|Any CPU
	EndGlobalSection
	GlobalSection(SolutionProperties) = preSolution
		HideSolutionNode = FALSE
	EndGlobalSection
EndGlobal
