
Microsoft Visual Studio Solution File, Format Version 11.00
# Visual Studio 2010
Project("{FAE04EC0-301F-11D3-BF4B-00C04F79EFBC}") = "Textoutput", "Textoutput.csproj", "{401CBF23-E73D-4FB7-9ACA-DA9641BD75E2}"
EndProject
Global
	GlobalSection(SolutionConfigurationPlatforms) = preSolution
		Debug|Any CPU = Debug|Any CPU
		Release|Any CPU = Release|Any CPU
	EndGlobalSection
	GlobalSection(ProjectConfigurationPlatforms) = postSolution
		{401CBF23-E73D-4FB7-9ACA-DA9641BD75E2}.Debug|Any CPU.ActiveCfg = Debug|Any CPU
		{401CBF23-E73D-4FB7-9ACA-DA9641BD75E2}.Debug|Any CPU.Build.0 = Debug|Any CPU
		{401CBF23-E73D-4FB7-9ACA-DA9641BD75E2}.Release|Any CPU.ActiveCfg = Release|Any CPU
		{401CBF23-E73D-4FB7-9ACA-DA9641BD75E2}.Release|Any CPU.Build.0 = Release|Any CPU
	EndGlobalSection
	GlobalSection(SolutionProperties) = preSolution
		HideSolutionNode = FALSE
	EndGlobalSection
EndGlobal
