
Microsoft Visual Studio Solution File, Format Version 12.00
# Visual Studio 15
VisualStudioVersion = 15.0.27428.2002
MinimumVisualStudioVersion = 10.0.40219.1
Project("{FAE04EC0-301F-11D3-BF4B-00C04F79EFBC}") = "Test", "Test.csproj", "{68510653-7549-4BED-A294-E1227EACC132}"
EndProject
Project("{FAE04EC0-301F-11D3-BF4B-00C04F79EFBC}") = "ProcessDataTypesInterface", "..\..\..\Model\DataTypes\ProcessDataTypesInterface.csproj", "{794E5D4A-02E3-4A54-8EB1-4682E203EC38}"
EndProject
Global
	GlobalSection(SolutionConfigurationPlatforms) = preSolution
		Debug|Any CPU = Debug|Any CPU
		Release|Any CPU = Release|Any CPU
	EndGlobalSection
	GlobalSection(ProjectConfigurationPlatforms) = postSolution
		{68510653-7549-4BED-A294-E1227EACC132}.Debug|Any CPU.ActiveCfg = Debug|Any CPU
		{68510653-7549-4BED-A294-E1227EACC132}.Debug|Any CPU.Build.0 = Debug|Any CPU
		{68510653-7549-4BED-A294-E1227EACC132}.Release|Any CPU.ActiveCfg = Release|Any CPU
		{68510653-7549-4BED-A294-E1227EACC132}.Release|Any CPU.Build.0 = Release|Any CPU
		{794E5D4A-02E3-4A54-8EB1-4682E203EC38}.Debug|Any CPU.ActiveCfg = Debug|Any CPU
		{794E5D4A-02E3-4A54-8EB1-4682E203EC38}.Debug|Any CPU.Build.0 = Debug|Any CPU
		{794E5D4A-02E3-4A54-8EB1-4682E203EC38}.Release|Any CPU.ActiveCfg = Release|Any CPU
		{794E5D4A-02E3-4A54-8EB1-4682E203EC38}.Release|Any CPU.Build.0 = Release|Any CPU
	EndGlobalSection
	GlobalSection(SolutionProperties) = preSolution
		HideSolutionNode = FALSE
	EndGlobalSection
	GlobalSection(ExtensibilityGlobals) = postSolution
		SolutionGuid = {C74248DD-5D24-4225-9ABB-6AF583E695CA}
	EndGlobalSection
EndGlobal
