
Microsoft Visual Studio Solution File, Format Version 11.00
# Visual Studio 2010
Project("{FAE04EC0-301F-11D3-BF4B-00C04F79EFBC}") = "Tests", "Tests.csproj", "{A9EE5C38-12DD-400F-94B3-D486826B338B}"
EndProject
Global
	GlobalSection(SolutionConfigurationPlatforms) = preSolution
		Debug|Any CPU = Debug|Any CPU
		Debug|Mixed Platforms = Debug|Mixed Platforms
		Debug|Win32 = Debug|Win32
		Debug|x86 = Debug|x86
		Release|Any CPU = Release|Any CPU
		Release|Mixed Platforms = Release|Mixed Platforms
		Release|Win32 = Release|Win32
		Release|x86 = Release|x86
	EndGlobalSection
	GlobalSection(ProjectConfigurationPlatforms) = postSolution
		{A9EE5C38-12DD-400F-94B3-D486826B338B}.Debug|Any CPU.ActiveCfg = Debug|Any CPU
		{A9EE5C38-12DD-400F-94B3-D486826B338B}.Debug|Any CPU.Build.0 = Debug|Any CPU
		{A9EE5C38-12DD-400F-94B3-D486826B338B}.Debug|Mixed Platforms.ActiveCfg = Debug|Any CPU
		{A9EE5C38-12DD-400F-94B3-D486826B338B}.Debug|Mixed Platforms.Build.0 = Debug|Any CPU
		{A9EE5C38-12DD-400F-94B3-D486826B338B}.Debug|Win32.ActiveCfg = Debug|Any CPU
		{A9EE5C38-12DD-400F-94B3-D486826B338B}.Debug|x86.ActiveCfg = Debug|Any CPU
		{A9EE5C38-12DD-400F-94B3-D486826B338B}.Release|Any CPU.ActiveCfg = Release|Any CPU
		{A9EE5C38-12DD-400F-94B3-D486826B338B}.Release|Any CPU.Build.0 = Release|Any CPU
		{A9EE5C38-12DD-400F-94B3-D486826B338B}.Release|Mixed Platforms.ActiveCfg = Release|Any CPU
		{A9EE5C38-12DD-400F-94B3-D486826B338B}.Release|Mixed Platforms.Build.0 = Release|Any CPU
		{A9EE5C38-12DD-400F-94B3-D486826B338B}.Release|Win32.ActiveCfg = Release|Any CPU
		{A9EE5C38-12DD-400F-94B3-D486826B338B}.Release|x86.ActiveCfg = Release|Any CPU
	EndGlobalSection
	GlobalSection(MonoDevelopProperties) = preSolution
		StartupItem = ApsimUI.csproj
	EndGlobalSection
	GlobalSection(SolutionProperties) = preSolution
		HideSolutionNode = FALSE
	EndGlobalSection
EndGlobal
