
Microsoft Visual Studio Solution File, Format Version 11.00
# Visual Studio 2010
Project("{FAE04EC0-301F-11D3-BF4B-00C04F79EFBC}") = "LocalClimate", "LocalClimate\LocalClimate.csproj", "{E919C522-1BEE-4701-B895-830F605E6279}"
EndProject
Project("{FAE04EC0-301F-11D3-BF4B-00C04F79EFBC}") = "TreeMicroClimate", "TreeMicroClimate\TreeMicroClimate.csproj", "{376A6172-91D9-4DC3-B682-02F9C78A08FA}"
EndProject
Project("{FAE04EC0-301F-11D3-BF4B-00C04F79EFBC}") = "SimpleTree", "SimpleTree\SimpleTree.csproj", "{F6961869-2F65-4F31-AC56-B8051B387ECE}"
EndProject
Global
	GlobalSection(SolutionConfigurationPlatforms) = preSolution
		Debug|Any CPU = Debug|Any CPU
		Release|Any CPU = Release|Any CPU
	EndGlobalSection
	GlobalSection(ProjectConfigurationPlatforms) = postSolution
		{E919C522-1BEE-4701-B895-830F605E6279}.Debug|Any CPU.ActiveCfg = Debug|Any CPU
		{E919C522-1BEE-4701-B895-830F605E6279}.Debug|Any CPU.Build.0 = Debug|Any CPU
		{E919C522-1BEE-4701-B895-830F605E6279}.Release|Any CPU.ActiveCfg = Release|Any CPU
		{E919C522-1BEE-4701-B895-830F605E6279}.Release|Any CPU.Build.0 = Release|Any CPU
		{376A6172-91D9-4DC3-B682-02F9C78A08FA}.Debug|Any CPU.ActiveCfg = Debug|Any CPU
		{376A6172-91D9-4DC3-B682-02F9C78A08FA}.Debug|Any CPU.Build.0 = Debug|Any CPU
		{376A6172-91D9-4DC3-B682-02F9C78A08FA}.Release|Any CPU.ActiveCfg = Release|Any CPU
		{376A6172-91D9-4DC3-B682-02F9C78A08FA}.Release|Any CPU.Build.0 = Release|Any CPU
		{F6961869-2F65-4F31-AC56-B8051B387ECE}.Debug|Any CPU.ActiveCfg = Debug|Any CPU
		{F6961869-2F65-4F31-AC56-B8051B387ECE}.Debug|Any CPU.Build.0 = Debug|Any CPU
		{F6961869-2F65-4F31-AC56-B8051B387ECE}.Release|Any CPU.ActiveCfg = Release|Any CPU
		{F6961869-2F65-4F31-AC56-B8051B387ECE}.Release|Any CPU.Build.0 = Release|Any CPU
	EndGlobalSection
	GlobalSection(SolutionProperties) = preSolution
		HideSolutionNode = FALSE
	EndGlobalSection
EndGlobal
