Microsoft Visual Studio Solution File, Format Version 8.00
Project("{FAE04EC0-301F-11D3-BF4B-00C04F79EFBC}") = "FTPClient", "FTPClient.csproj", "{893AF68C-63AD-4266-AC0A-B4ADA512A592}"
	ProjectSection(ProjectDependencies) = postProject
	EndProjectSection
EndProject
Global
	GlobalSection(SolutionConfiguration) = preSolution
		Debug = Debug
		Release = Release
	EndGlobalSection
	GlobalSection(ProjectConfiguration) = postSolution
		{893AF68C-63AD-4266-AC0A-B4ADA512A592}.Debug.ActiveCfg = Debug|.NET
		{893AF68C-63AD-4266-AC0A-B4ADA512A592}.Debug.Build.0 = Debug|.NET
		{893AF68C-63AD-4266-AC0A-B4ADA512A592}.Release.ActiveCfg = Release|.NET
		{893AF68C-63AD-4266-AC0A-B4ADA512A592}.Release.Build.0 = Release|.NET
	EndGlobalSection
	GlobalSection(ExtensibilityGlobals) = postSolution
	EndGlobalSection
	GlobalSection(ExtensibilityAddIns) = postSolution
	EndGlobalSection
EndGlobal
