
Microsoft Visual Studio Solution File, Format Version 11.00
# Visual Studio 2010
Project("{FAE04EC0-301F-11D3-BF4B-00C04F79EFBC}") = "FastApsim", "FastApsim.csproj", "{A3E10705-F2BB-4182-A19C-7F63222584DF}"
EndProject
Project("{FAE04EC0-301F-11D3-BF4B-00C04F79EFBC}") = "FastPlant2", "..\Plant2\FastPlant2.csproj", "{A0DE87B8-E80C-4C69-B789-1B6FAAD89DB9}"
EndProject
Global
	GlobalSection(SolutionConfigurationPlatforms) = preSolution
		Debug|Any CPU = Debug|Any CPU
		Release|Any CPU = Release|Any CPU
	EndGlobalSection
	GlobalSection(ProjectConfigurationPlatforms) = postSolution
		{A3E10705-F2BB-4182-A19C-7F63222584DF}.Debug|Any CPU.ActiveCfg = Debug|Any CPU
		{A3E10705-F2BB-4182-A19C-7F63222584DF}.Debug|Any CPU.Build.0 = Debug|Any CPU
		{A3E10705-F2BB-4182-A19C-7F63222584DF}.Release|Any CPU.ActiveCfg = Release|Any CPU
		{A3E10705-F2BB-4182-A19C-7F63222584DF}.Release|Any CPU.Build.0 = Release|Any CPU
		{A0DE87B8-E80C-4C69-B789-1B6FAAD89DB9}.Debug|Any CPU.ActiveCfg = Debug|Any CPU
		{A0DE87B8-E80C-4C69-B789-1B6FAAD89DB9}.Debug|Any CPU.Build.0 = Debug|Any CPU
		{A0DE87B8-E80C-4C69-B789-1B6FAAD89DB9}.Release|Any CPU.ActiveCfg = Release|Any CPU
		{A0DE87B8-E80C-4C69-B789-1B6FAAD89DB9}.Release|Any CPU.Build.0 = Release|Any CPU
	EndGlobalSection
	GlobalSection(SolutionProperties) = preSolution
		HideSolutionNode = FALSE
	EndGlobalSection
EndGlobal
