
Microsoft Visual Studio Solution File, Format Version 11.00
# Visual Studio 2010
Project("{FAE04EC0-301F-11D3-BF4B-00C04F79EFBC}") = "DotNetProxies", "DotNetProxies.csproj", "{3525A5AA-EC81-4060-8D79-2B01B94FD82B}"
EndProject
Project("{FAE04EC0-301F-11D3-BF4B-00C04F79EFBC}") = "CSDotNetProxies", "CSDotNetProxies.csproj", "{76F8ED2C-FA28-4648-A0CB-1EF4FCC10154}"
EndProject
Global
	GlobalSection(SolutionConfigurationPlatforms) = preSolution
		Debug|Any CPU = Debug|Any CPU
		Release|Any CPU = Release|Any CPU
	EndGlobalSection
	GlobalSection(ProjectConfigurationPlatforms) = postSolution
		{3525A5AA-EC81-4060-8D79-2B01B94FD82B}.Debug|Any CPU.ActiveCfg = Debug|Any CPU
		{3525A5AA-EC81-4060-8D79-2B01B94FD82B}.Debug|Any CPU.Build.0 = Debug|Any CPU
		{3525A5AA-EC81-4060-8D79-2B01B94FD82B}.Release|Any CPU.ActiveCfg = Release|Any CPU
		{3525A5AA-EC81-4060-8D79-2B01B94FD82B}.Release|Any CPU.Build.0 = Release|Any CPU
		{76F8ED2C-FA28-4648-A0CB-1EF4FCC10154}.Debug|Any CPU.ActiveCfg = Debug|Any CPU
		{76F8ED2C-FA28-4648-A0CB-1EF4FCC10154}.Debug|Any CPU.Build.0 = Debug|Any CPU
		{76F8ED2C-FA28-4648-A0CB-1EF4FCC10154}.Release|Any CPU.ActiveCfg = Release|Any CPU
		{76F8ED2C-FA28-4648-A0CB-1EF4FCC10154}.Release|Any CPU.Build.0 = Release|Any CPU
	EndGlobalSection
	GlobalSection(SolutionProperties) = preSolution
		HideSolutionNode = FALSE
	EndGlobalSection
	GlobalSection(DPCodeReviewSolutionGUID) = preSolution
		DPCodeReviewSolutionGUID = {00000000-0000-0000-0000-000000000000}
	EndGlobalSection
EndGlobal
