
Microsoft Visual Studio Solution File, Format Version 11.00
# Visual Studio 2010
Project("{FAE04EC0-301F-11D3-BF4B-00C04F79EFBC}") = "Test", "Test.csproj", "{0C665D61-377B-4BB7-B77A-D277F6F6705D}"
EndProject
Project("{FAE04EC0-301F-11D3-BF4B-00C04F79EFBC}") = "ApsimFile", "..\..\..\Model\ApsimFile\ApsimFile.csproj", "{416A3885-FD38-46D0-BE42-54AA33D146B7}"
EndProject
Global
	GlobalSection(SolutionConfigurationPlatforms) = preSolution
		Debug|Any CPU = Debug|Any CPU
		Release|Any CPU = Release|Any CPU
	EndGlobalSection
	GlobalSection(ProjectConfigurationPlatforms) = postSolution
		{0C665D61-377B-4BB7-B77A-D277F6F6705D}.Debug|Any CPU.ActiveCfg = Debug|Any CPU
		{0C665D61-377B-4BB7-B77A-D277F6F6705D}.Debug|Any CPU.Build.0 = Debug|Any CPU
		{0C665D61-377B-4BB7-B77A-D277F6F6705D}.Release|Any CPU.ActiveCfg = Release|Any CPU
		{0C665D61-377B-4BB7-B77A-D277F6F6705D}.Release|Any CPU.Build.0 = Release|Any CPU
		{416A3885-FD38-46D0-BE42-54AA33D146B7}.Debug|Any CPU.ActiveCfg = Debug|Any CPU
		{416A3885-FD38-46D0-BE42-54AA33D146B7}.Debug|Any CPU.Build.0 = Debug|Any CPU
		{416A3885-FD38-46D0-BE42-54AA33D146B7}.Release|Any CPU.ActiveCfg = Release|Any CPU
		{416A3885-FD38-46D0-BE42-54AA33D146B7}.Release|Any CPU.Build.0 = Release|Any CPU
	EndGlobalSection
	GlobalSection(SolutionProperties) = preSolution
		HideSolutionNode = FALSE
	EndGlobalSection
EndGlobal
