
Microsoft Visual Studio Solution File, Format Version 11.00
# Visual Studio 2010
Project("{FAE04EC0-301F-11D3-BF4B-00C04F79EFBC}") = "ProbeDll", "ProbeDll.csproj", "{7B913669-1088-43BB-92E6-8A12BF42A993}"
EndProject
Global
	GlobalSection(SolutionConfigurationPlatforms) = preSolution
		Debug|Any CPU = Debug|Any CPU
		Release|Any CPU = Release|Any CPU
	EndGlobalSection
	GlobalSection(ProjectConfigurationPlatforms) = postSolution
		{7B913669-1088-43BB-92E6-8A12BF42A993}.Debug|Any CPU.ActiveCfg = Debug|Any CPU
		{7B913669-1088-43BB-92E6-8A12BF42A993}.Debug|Any CPU.Build.0 = Debug|Any CPU
		{7B913669-1088-43BB-92E6-8A12BF42A993}.Release|Any CPU.ActiveCfg = Release|Any CPU
		{7B913669-1088-43BB-92E6-8A12BF42A993}.Release|Any CPU.Build.0 = Release|Any CPU
	EndGlobalSection
	GlobalSection(SolutionProperties) = preSolution
		HideSolutionNode = FALSE
	EndGlobalSection
EndGlobal
