
Microsoft Visual Studio Solution File, Format Version 11.00
# Visual Studio 2010
Project("{FAE04EC0-301F-11D3-BF4B-00C04F79EFBC}") = "CreateDiffZip", "CreateDiffZip\CreateDiffZip.csproj", "{106F579B-9933-4894-B2D5-5F0D7C0D559F}"
EndProject
Project("{FAE04EC0-301F-11D3-BF4B-00C04F79EFBC}") = "CreateSummaryHtml", "CreateSummaryHtml\CreateSummaryHtml.csproj", "{DCD965AD-6B57-4092-9B76-02DED9DF86C4}"
EndProject
Project("{FAE04EC0-301F-11D3-BF4B-00C04F79EFBC}") = "UpdateFieldInDB", "UpdateFieldInDB\UpdateFieldInDB.csproj", "{6D0E8D0E-9B79-4006-9CA0-858473CFC516}"
EndProject
Project("{FAE04EC0-301F-11D3-BF4B-00C04F79EFBC}") = "IfCleanDoCommit", "IfCleanDoCommit\IfCleanDoCommit.csproj", "{C5238BB7-01E9-42A0-B85D-FFC984B2DBA0}"
EndProject
Project("{FAE04EC0-301F-11D3-BF4B-00C04F79EFBC}") = "SendEmail", "SendEmail\SendEmail.csproj", "{022A6051-23C4-459D-8B36-9FE66C591428}"
EndProject
Project("{FAE04EC0-301F-11D3-BF4B-00C04F79EFBC}") = "CreatePatch", "CreatePatch\CreatePatch.csproj", "{E93492C5-00D7-4EBB-94AD-F23ECACAE069}"
EndProject
Project("{FAE04EC0-301F-11D3-BF4B-00C04F79EFBC}") = "DropBoxMonitor", "DropBoxMonitor\DropBoxMonitor.csproj", "{73D96DE3-D019-4EC4-98A6-50AF58ABB791}"
EndProject
Project("{FAE04EC0-301F-11D3-BF4B-00C04F79EFBC}") = "SendCommandToJobScheduler", "SendCommandToJobScheduler\SendCommandToJobScheduler.csproj", "{B158F5F4-B20A-4FF8-A806-BA0AB66EBE13}"
EndProject
Global
	GlobalSection(SolutionConfigurationPlatforms) = preSolution
		Debug|Any CPU = Debug|Any CPU
		Debug|Mixed Platforms = Debug|Mixed Platforms
		Debug|x86 = Debug|x86
		Release|Any CPU = Release|Any CPU
		Release|Mixed Platforms = Release|Mixed Platforms
		Release|x86 = Release|x86
	EndGlobalSection
	GlobalSection(ProjectConfigurationPlatforms) = postSolution
		{106F579B-9933-4894-B2D5-5F0D7C0D559F}.Debug|Any CPU.ActiveCfg = Debug|Any CPU
		{106F579B-9933-4894-B2D5-5F0D7C0D559F}.Debug|Any CPU.Build.0 = Debug|Any CPU
		{106F579B-9933-4894-B2D5-5F0D7C0D559F}.Debug|Mixed Platforms.ActiveCfg = Debug|Any CPU
		{106F579B-9933-4894-B2D5-5F0D7C0D559F}.Debug|Mixed Platforms.Build.0 = Debug|Any CPU
		{106F579B-9933-4894-B2D5-5F0D7C0D559F}.Debug|x86.ActiveCfg = Debug|Any CPU
		{106F579B-9933-4894-B2D5-5F0D7C0D559F}.Release|Any CPU.ActiveCfg = Release|Any CPU
		{106F579B-9933-4894-B2D5-5F0D7C0D559F}.Release|Any CPU.Build.0 = Release|Any CPU
		{106F579B-9933-4894-B2D5-5F0D7C0D559F}.Release|Mixed Platforms.ActiveCfg = Release|Any CPU
		{106F579B-9933-4894-B2D5-5F0D7C0D559F}.Release|Mixed Platforms.Build.0 = Release|Any CPU
		{106F579B-9933-4894-B2D5-5F0D7C0D559F}.Release|x86.ActiveCfg = Release|Any CPU
		{DCD965AD-6B57-4092-9B76-02DED9DF86C4}.Debug|Any CPU.ActiveCfg = Debug|x86
		{DCD965AD-6B57-4092-9B76-02DED9DF86C4}.Debug|Mixed Platforms.ActiveCfg = Debug|x86
		{DCD965AD-6B57-4092-9B76-02DED9DF86C4}.Debug|Mixed Platforms.Build.0 = Debug|x86
		{DCD965AD-6B57-4092-9B76-02DED9DF86C4}.Debug|x86.ActiveCfg = Debug|x86
		{DCD965AD-6B57-4092-9B76-02DED9DF86C4}.Debug|x86.Build.0 = Debug|x86
		{DCD965AD-6B57-4092-9B76-02DED9DF86C4}.Release|Any CPU.ActiveCfg = Release|x86
		{DCD965AD-6B57-4092-9B76-02DED9DF86C4}.Release|Mixed Platforms.ActiveCfg = Release|x86
		{DCD965AD-6B57-4092-9B76-02DED9DF86C4}.Release|Mixed Platforms.Build.0 = Release|x86
		{DCD965AD-6B57-4092-9B76-02DED9DF86C4}.Release|x86.ActiveCfg = Release|x86
		{DCD965AD-6B57-4092-9B76-02DED9DF86C4}.Release|x86.Build.0 = Release|x86
		{6D0E8D0E-9B79-4006-9CA0-858473CFC516}.Debug|Any CPU.ActiveCfg = Debug|x86
		{6D0E8D0E-9B79-4006-9CA0-858473CFC516}.Debug|Mixed Platforms.ActiveCfg = Debug|x86
		{6D0E8D0E-9B79-4006-9CA0-858473CFC516}.Debug|Mixed Platforms.Build.0 = Debug|x86
		{6D0E8D0E-9B79-4006-9CA0-858473CFC516}.Debug|x86.ActiveCfg = Debug|x86
		{6D0E8D0E-9B79-4006-9CA0-858473CFC516}.Debug|x86.Build.0 = Debug|x86
		{6D0E8D0E-9B79-4006-9CA0-858473CFC516}.Release|Any CPU.ActiveCfg = Release|x86
		{6D0E8D0E-9B79-4006-9CA0-858473CFC516}.Release|Mixed Platforms.ActiveCfg = Release|x86
		{6D0E8D0E-9B79-4006-9CA0-858473CFC516}.Release|Mixed Platforms.Build.0 = Release|x86
		{6D0E8D0E-9B79-4006-9CA0-858473CFC516}.Release|x86.ActiveCfg = Release|x86
		{6D0E8D0E-9B79-4006-9CA0-858473CFC516}.Release|x86.Build.0 = Release|x86
		{C5238BB7-01E9-42A0-B85D-FFC984B2DBA0}.Debug|Any CPU.ActiveCfg = Debug|x86
		{C5238BB7-01E9-42A0-B85D-FFC984B2DBA0}.Debug|Mixed Platforms.ActiveCfg = Debug|x86
		{C5238BB7-01E9-42A0-B85D-FFC984B2DBA0}.Debug|Mixed Platforms.Build.0 = Debug|x86
		{C5238BB7-01E9-42A0-B85D-FFC984B2DBA0}.Debug|x86.ActiveCfg = Debug|x86
		{C5238BB7-01E9-42A0-B85D-FFC984B2DBA0}.Debug|x86.Build.0 = Debug|x86
		{C5238BB7-01E9-42A0-B85D-FFC984B2DBA0}.Release|Any CPU.ActiveCfg = Release|x86
		{C5238BB7-01E9-42A0-B85D-FFC984B2DBA0}.Release|Mixed Platforms.ActiveCfg = Release|x86
		{C5238BB7-01E9-42A0-B85D-FFC984B2DBA0}.Release|Mixed Platforms.Build.0 = Release|x86
		{C5238BB7-01E9-42A0-B85D-FFC984B2DBA0}.Release|x86.ActiveCfg = Release|x86
		{C5238BB7-01E9-42A0-B85D-FFC984B2DBA0}.Release|x86.Build.0 = Release|x86
		{022A6051-23C4-459D-8B36-9FE66C591428}.Debug|Any CPU.ActiveCfg = Debug|x86
		{022A6051-23C4-459D-8B36-9FE66C591428}.Debug|Mixed Platforms.ActiveCfg = Debug|x86
		{022A6051-23C4-459D-8B36-9FE66C591428}.Debug|Mixed Platforms.Build.0 = Debug|x86
		{022A6051-23C4-459D-8B36-9FE66C591428}.Debug|x86.ActiveCfg = Debug|x86
		{022A6051-23C4-459D-8B36-9FE66C591428}.Debug|x86.Build.0 = Debug|x86
		{022A6051-23C4-459D-8B36-9FE66C591428}.Release|Any CPU.ActiveCfg = Release|x86
		{022A6051-23C4-459D-8B36-9FE66C591428}.Release|Mixed Platforms.ActiveCfg = Release|x86
		{022A6051-23C4-459D-8B36-9FE66C591428}.Release|Mixed Platforms.Build.0 = Release|x86
		{022A6051-23C4-459D-8B36-9FE66C591428}.Release|x86.ActiveCfg = Release|x86
		{022A6051-23C4-459D-8B36-9FE66C591428}.Release|x86.Build.0 = Release|x86
		{E93492C5-00D7-4EBB-94AD-F23ECACAE069}.Debug|Any CPU.ActiveCfg = Debug|x86
		{E93492C5-00D7-4EBB-94AD-F23ECACAE069}.Debug|Mixed Platforms.ActiveCfg = Debug|x86
		{E93492C5-00D7-4EBB-94AD-F23ECACAE069}.Debug|Mixed Platforms.Build.0 = Debug|x86
		{E93492C5-00D7-4EBB-94AD-F23ECACAE069}.Debug|x86.ActiveCfg = Debug|x86
		{E93492C5-00D7-4EBB-94AD-F23ECACAE069}.Debug|x86.Build.0 = Debug|x86
		{E93492C5-00D7-4EBB-94AD-F23ECACAE069}.Release|Any CPU.ActiveCfg = Release|x86
		{E93492C5-00D7-4EBB-94AD-F23ECACAE069}.Release|Mixed Platforms.ActiveCfg = Release|x86
		{E93492C5-00D7-4EBB-94AD-F23ECACAE069}.Release|Mixed Platforms.Build.0 = Release|x86
		{E93492C5-00D7-4EBB-94AD-F23ECACAE069}.Release|x86.ActiveCfg = Release|x86
		{E93492C5-00D7-4EBB-94AD-F23ECACAE069}.Release|x86.Build.0 = Release|x86
		{73D96DE3-D019-4EC4-98A6-50AF58ABB791}.Debug|Any CPU.ActiveCfg = Debug|x86
		{73D96DE3-D019-4EC4-98A6-50AF58ABB791}.Debug|Mixed Platforms.ActiveCfg = Debug|x86
		{73D96DE3-D019-4EC4-98A6-50AF58ABB791}.Debug|Mixed Platforms.Build.0 = Debug|x86
		{73D96DE3-D019-4EC4-98A6-50AF58ABB791}.Debug|x86.ActiveCfg = Debug|x86
		{73D96DE3-D019-4EC4-98A6-50AF58ABB791}.Debug|x86.Build.0 = Debug|x86
		{73D96DE3-D019-4EC4-98A6-50AF58ABB791}.Release|Any CPU.ActiveCfg = Release|x86
		{73D96DE3-D019-4EC4-98A6-50AF58ABB791}.Release|Mixed Platforms.ActiveCfg = Release|x86
		{73D96DE3-D019-4EC4-98A6-50AF58ABB791}.Release|Mixed Platforms.Build.0 = Release|x86
		{73D96DE3-D019-4EC4-98A6-50AF58ABB791}.Release|x86.ActiveCfg = Release|x86
		{73D96DE3-D019-4EC4-98A6-50AF58ABB791}.Release|x86.Build.0 = Release|x86
		{B158F5F4-B20A-4FF8-A806-BA0AB66EBE13}.Debug|Any CPU.ActiveCfg = Debug|x86
		{B158F5F4-B20A-4FF8-A806-BA0AB66EBE13}.Debug|Mixed Platforms.ActiveCfg = Debug|x86
		{B158F5F4-B20A-4FF8-A806-BA0AB66EBE13}.Debug|Mixed Platforms.Build.0 = Debug|x86
		{B158F5F4-B20A-4FF8-A806-BA0AB66EBE13}.Debug|x86.ActiveCfg = Debug|x86
		{B158F5F4-B20A-4FF8-A806-BA0AB66EBE13}.Debug|x86.Build.0 = Debug|x86
		{B158F5F4-B20A-4FF8-A806-BA0AB66EBE13}.Release|Any CPU.ActiveCfg = Release|x86
		{B158F5F4-B20A-4FF8-A806-BA0AB66EBE13}.Release|Mixed Platforms.ActiveCfg = Release|x86
		{B158F5F4-B20A-4FF8-A806-BA0AB66EBE13}.Release|Mixed Platforms.Build.0 = Release|x86
		{B158F5F4-B20A-4FF8-A806-BA0AB66EBE13}.Release|x86.ActiveCfg = Release|x86
		{B158F5F4-B20A-4FF8-A806-BA0AB66EBE13}.Release|x86.Build.0 = Release|x86
	EndGlobalSection
	GlobalSection(SolutionProperties) = preSolution
		HideSolutionNode = FALSE
	EndGlobalSection
	GlobalSection(MonoDevelopProperties) = preSolution
		StartupItem = JobSchedulerCreateDiffZip\JobSchedulerCreateDiffZip.csproj
		Policies = $0
		$0.DotNetNamingPolicy = $1
		$1.DirectoryNamespaceAssociation = None
		$1.ResourceNamePolicy = FileFormatDefault
		$0.TextStylePolicy = $2
		$2.FileWidth = 120
		$2.NoTabsAfterNonTabs = True
		$2.RemoveTrailingWhitespace = True
		$2.inheritsSet = VisualStudio
		$2.inheritsScope = text/plain
		$2.scope = text/x-csharp
		$0.CSharpFormattingPolicy = $3
		$3.StatementBraceStyle = NextLineShifted
		$3.PlaceElseOnNewLine = True
		$3.PlaceElseIfOnNewLine = True
		$3.PlaceCatchOnNewLine = True
		$3.PlaceFinallyOnNewLine = True
		$3.PlaceWhileOnNewLine = True
		$3.inheritsSet = Mono
		$3.inheritsScope = text/x-csharp
		$3.scope = text/x-csharp
	EndGlobalSection
EndGlobal
