
Microsoft Visual Studio Solution File, Format Version 11.00
# Visual Studio 2010
Project("{FAE04EC0-301F-11D3-BF4B-00C04F79EFBC}") = "JobScheduler", "JobScheduler.csproj", "{66BE810C-207D-4843-9F1B-777BFCDCE2AC}"
EndProject
Project("{FAE04EC0-301F-11D3-BF4B-00C04F79EFBC}") = "JobRunner", "JobRunner\JobRunner.csproj", "{DD7DB62F-88A1-485A-A6B3-8C3511702E0C}"
EndProject
Global
	GlobalSection(SolutionConfigurationPlatforms) = preSolution
		Debug|Any CPU = Debug|Any CPU
		Debug|Mixed Platforms = Debug|Mixed Platforms
		Debug|x86 = Debug|x86
		Release|Any CPU = Release|Any CPU
		Release|Mixed Platforms = Release|Mixed Platforms
		Release|x86 = Release|x86
	EndGlobalSection
	GlobalSection(ProjectConfigurationPlatforms) = postSolution
		{66BE810C-207D-4843-9F1B-777BFCDCE2AC}.Debug|Any CPU.ActiveCfg = Debug|Any CPU
		{66BE810C-207D-4843-9F1B-777BFCDCE2AC}.Debug|Any CPU.Build.0 = Debug|Any CPU
		{66BE810C-207D-4843-9F1B-777BFCDCE2AC}.Debug|Mixed Platforms.ActiveCfg = Debug|Any CPU
		{66BE810C-207D-4843-9F1B-777BFCDCE2AC}.Debug|Mixed Platforms.Build.0 = Debug|Any CPU
		{66BE810C-207D-4843-9F1B-777BFCDCE2AC}.Debug|x86.ActiveCfg = Debug|Any CPU
		{66BE810C-207D-4843-9F1B-777BFCDCE2AC}.Release|Any CPU.ActiveCfg = Release|Any CPU
		{66BE810C-207D-4843-9F1B-777BFCDCE2AC}.Release|Any CPU.Build.0 = Release|Any CPU
		{66BE810C-207D-4843-9F1B-777BFCDCE2AC}.Release|Mixed Platforms.ActiveCfg = Release|Any CPU
		{66BE810C-207D-4843-9F1B-777BFCDCE2AC}.Release|Mixed Platforms.Build.0 = Release|Any CPU
		{66BE810C-207D-4843-9F1B-777BFCDCE2AC}.Release|x86.ActiveCfg = Release|Any CPU
		{DD7DB62F-88A1-485A-A6B3-8C3511702E0C}.Debug|Any CPU.ActiveCfg = Debug|x86
		{DD7DB62F-88A1-485A-A6B3-8C3511702E0C}.Debug|Mixed Platforms.ActiveCfg = Debug|x86
		{DD7DB62F-88A1-485A-A6B3-8C3511702E0C}.Debug|Mixed Platforms.Build.0 = Debug|x86
		{DD7DB62F-88A1-485A-A6B3-8C3511702E0C}.Debug|x86.ActiveCfg = Debug|x86
		{DD7DB62F-88A1-485A-A6B3-8C3511702E0C}.Debug|x86.Build.0 = Debug|x86
		{DD7DB62F-88A1-485A-A6B3-8C3511702E0C}.Release|Any CPU.ActiveCfg = Release|x86
		{DD7DB62F-88A1-485A-A6B3-8C3511702E0C}.Release|Mixed Platforms.ActiveCfg = Release|x86
		{DD7DB62F-88A1-485A-A6B3-8C3511702E0C}.Release|Mixed Platforms.Build.0 = Release|x86
		{DD7DB62F-88A1-485A-A6B3-8C3511702E0C}.Release|x86.ActiveCfg = Release|x86
		{DD7DB62F-88A1-485A-A6B3-8C3511702E0C}.Release|x86.Build.0 = Release|x86
	EndGlobalSection
	GlobalSection(SolutionProperties) = preSolution
		HideSolutionNode = FALSE
	EndGlobalSection
	GlobalSection(MonoDevelopProperties) = preSolution
		StartupItem = JobSchedulerCreateDiffZip\JobSchedulerCreateDiffZip.csproj
		Policies = $0
		$0.DotNetNamingPolicy = $1
		$1.DirectoryNamespaceAssociation = None
		$1.ResourceNamePolicy = FileFormatDefault
		$0.TextStylePolicy = $2
		$2.FileWidth = 120
		$2.NoTabsAfterNonTabs = True
		$2.RemoveTrailingWhitespace = True
		$2.inheritsSet = VisualStudio
		$2.inheritsScope = text/plain
		$2.scope = text/x-csharp
		$0.CSharpFormattingPolicy = $3
		$3.StatementBraceStyle = NextLineShifted
		$3.PlaceElseOnNewLine = True
		$3.PlaceElseIfOnNewLine = True
		$3.PlaceCatchOnNewLine = True
		$3.PlaceFinallyOnNewLine = True
		$3.PlaceWhileOnNewLine = True
		$3.inheritsSet = Mono
		$3.inheritsScope = text/x-csharp
		$3.scope = text/x-csharp
	EndGlobalSection
EndGlobal
