
Microsoft Visual Studio Solution File, Format Version 11.00
# Visual Studio 2010
Project("{FAE04EC0-301F-11D3-BF4B-00C04F79EFBC}") = "ApsimX", "ApsimX.csproj", "{A3E10705-F2BB-4182-A19C-7F63222584DF}"
EndProject
Project("{FAE04EC0-301F-11D3-BF4B-00C04F79EFBC}") = "ModifyProjectForApsimX", "ModifyProjectForApsimX\ModifyProjectForApsimX.csproj", "{60183F2A-4819-4577-9201-0D41E0D5B745}"
EndProject
Project("{FAE04EC0-301F-11D3-BF4B-00C04F79EFBC}") = "Plant2X", "..\Plant2\Plant2X.csproj", "{A0DE87B8-E80C-4C69-B789-1B6FAAD89DB9}"
EndProject
Project("{F184B08F-C81C-45F6-A57F-5ABD9991F28F}") = "MicroClimateX", "..\MicroClimate\MicroClimateX.vbproj", "{08E42CFE-48A2-4F2B-9DE1-7ED8DDE604A3}"
EndProject
Project("{FAE04EC0-301F-11D3-BF4B-00C04F79EFBC}") = "ReportDbX", "..\ReportDb\ReportDbX.csproj", "{A4555447-0B74-4C87-B4B9-E4BEEFE5F511}"
EndProject
Global
	GlobalSection(SolutionConfigurationPlatforms) = preSolution
		Debug|Any CPU = Debug|Any CPU
		Debug|Mixed Platforms = Debug|Mixed Platforms
		Debug|x86 = Debug|x86
		Release|Any CPU = Release|Any CPU
		Release|Mixed Platforms = Release|Mixed Platforms
		Release|x86 = Release|x86
	EndGlobalSection
	GlobalSection(ProjectConfigurationPlatforms) = postSolution
		{A3E10705-F2BB-4182-A19C-7F63222584DF}.Debug|Any CPU.ActiveCfg = Debug|Any CPU
		{A3E10705-F2BB-4182-A19C-7F63222584DF}.Debug|Any CPU.Build.0 = Debug|Any CPU
		{A3E10705-F2BB-4182-A19C-7F63222584DF}.Debug|Mixed Platforms.ActiveCfg = Debug|Any CPU
		{A3E10705-F2BB-4182-A19C-7F63222584DF}.Debug|Mixed Platforms.Build.0 = Debug|Any CPU
		{A3E10705-F2BB-4182-A19C-7F63222584DF}.Debug|x86.ActiveCfg = Debug|Any CPU
		{A3E10705-F2BB-4182-A19C-7F63222584DF}.Release|Any CPU.ActiveCfg = Release|Any CPU
		{A3E10705-F2BB-4182-A19C-7F63222584DF}.Release|Any CPU.Build.0 = Release|Any CPU
		{A3E10705-F2BB-4182-A19C-7F63222584DF}.Release|Mixed Platforms.ActiveCfg = Release|Any CPU
		{A3E10705-F2BB-4182-A19C-7F63222584DF}.Release|Mixed Platforms.Build.0 = Release|Any CPU
		{A3E10705-F2BB-4182-A19C-7F63222584DF}.Release|x86.ActiveCfg = Release|Any CPU
		{60183F2A-4819-4577-9201-0D41E0D5B745}.Debug|Any CPU.ActiveCfg = Debug|x86
		{60183F2A-4819-4577-9201-0D41E0D5B745}.Debug|Mixed Platforms.ActiveCfg = Debug|x86
		{60183F2A-4819-4577-9201-0D41E0D5B745}.Debug|Mixed Platforms.Build.0 = Debug|x86
		{60183F2A-4819-4577-9201-0D41E0D5B745}.Debug|x86.ActiveCfg = Debug|x86
		{60183F2A-4819-4577-9201-0D41E0D5B745}.Debug|x86.Build.0 = Debug|x86
		{60183F2A-4819-4577-9201-0D41E0D5B745}.Release|Any CPU.ActiveCfg = Release|x86
		{60183F2A-4819-4577-9201-0D41E0D5B745}.Release|Mixed Platforms.ActiveCfg = Release|x86
		{60183F2A-4819-4577-9201-0D41E0D5B745}.Release|Mixed Platforms.Build.0 = Release|x86
		{60183F2A-4819-4577-9201-0D41E0D5B745}.Release|x86.ActiveCfg = Release|x86
		{60183F2A-4819-4577-9201-0D41E0D5B745}.Release|x86.Build.0 = Release|x86
		{A0DE87B8-E80C-4C69-B789-1B6FAAD89DB9}.Debug|Any CPU.ActiveCfg = Debug|Any CPU
		{A0DE87B8-E80C-4C69-B789-1B6FAAD89DB9}.Debug|Any CPU.Build.0 = Debug|Any CPU
		{A0DE87B8-E80C-4C69-B789-1B6FAAD89DB9}.Debug|Mixed Platforms.ActiveCfg = Debug|Any CPU
		{A0DE87B8-E80C-4C69-B789-1B6FAAD89DB9}.Debug|Mixed Platforms.Build.0 = Debug|Any CPU
		{A0DE87B8-E80C-4C69-B789-1B6FAAD89DB9}.Debug|x86.ActiveCfg = Debug|Any CPU
		{A0DE87B8-E80C-4C69-B789-1B6FAAD89DB9}.Release|Any CPU.ActiveCfg = Release|Any CPU
		{A0DE87B8-E80C-4C69-B789-1B6FAAD89DB9}.Release|Any CPU.Build.0 = Release|Any CPU
		{A0DE87B8-E80C-4C69-B789-1B6FAAD89DB9}.Release|Mixed Platforms.ActiveCfg = Release|Any CPU
		{A0DE87B8-E80C-4C69-B789-1B6FAAD89DB9}.Release|Mixed Platforms.Build.0 = Release|Any CPU
		{A0DE87B8-E80C-4C69-B789-1B6FAAD89DB9}.Release|x86.ActiveCfg = Release|Any CPU
		{08E42CFE-48A2-4F2B-9DE1-7ED8DDE604A3}.Debug|Any CPU.ActiveCfg = Debug|Any CPU
		{08E42CFE-48A2-4F2B-9DE1-7ED8DDE604A3}.Debug|Any CPU.Build.0 = Debug|Any CPU
		{08E42CFE-48A2-4F2B-9DE1-7ED8DDE604A3}.Debug|Mixed Platforms.ActiveCfg = Debug|Any CPU
		{08E42CFE-48A2-4F2B-9DE1-7ED8DDE604A3}.Debug|Mixed Platforms.Build.0 = Debug|Any CPU
		{08E42CFE-48A2-4F2B-9DE1-7ED8DDE604A3}.Debug|x86.ActiveCfg = Debug|Any CPU
		{08E42CFE-48A2-4F2B-9DE1-7ED8DDE604A3}.Release|Any CPU.ActiveCfg = Release|Any CPU
		{08E42CFE-48A2-4F2B-9DE1-7ED8DDE604A3}.Release|Any CPU.Build.0 = Release|Any CPU
		{08E42CFE-48A2-4F2B-9DE1-7ED8DDE604A3}.Release|Mixed Platforms.ActiveCfg = Release|Any CPU
		{08E42CFE-48A2-4F2B-9DE1-7ED8DDE604A3}.Release|Mixed Platforms.Build.0 = Release|Any CPU
		{08E42CFE-48A2-4F2B-9DE1-7ED8DDE604A3}.Release|x86.ActiveCfg = Release|Any CPU
		{A4555447-0B74-4C87-B4B9-E4BEEFE5F511}.Debug|Any CPU.ActiveCfg = Debug|Any CPU
		{A4555447-0B74-4C87-B4B9-E4BEEFE5F511}.Debug|Any CPU.Build.0 = Debug|Any CPU
		{A4555447-0B74-4C87-B4B9-E4BEEFE5F511}.Debug|Mixed Platforms.ActiveCfg = Debug|Any CPU
		{A4555447-0B74-4C87-B4B9-E4BEEFE5F511}.Debug|Mixed Platforms.Build.0 = Debug|Any CPU
		{A4555447-0B74-4C87-B4B9-E4BEEFE5F511}.Debug|x86.ActiveCfg = Debug|Any CPU
		{A4555447-0B74-4C87-B4B9-E4BEEFE5F511}.Release|Any CPU.ActiveCfg = Release|Any CPU
		{A4555447-0B74-4C87-B4B9-E4BEEFE5F511}.Release|Any CPU.Build.0 = Release|Any CPU
		{A4555447-0B74-4C87-B4B9-E4BEEFE5F511}.Release|Mixed Platforms.ActiveCfg = Release|Any CPU
		{A4555447-0B74-4C87-B4B9-E4BEEFE5F511}.Release|Mixed Platforms.Build.0 = Release|Any CPU
		{A4555447-0B74-4C87-B4B9-E4BEEFE5F511}.Release|x86.ActiveCfg = Release|Any CPU
	EndGlobalSection
	GlobalSection(SolutionProperties) = preSolution
		HideSolutionNode = FALSE
	EndGlobalSection
EndGlobal
