
Microsoft Visual Studio Solution File, Format Version 10.00
# Visual Studio 2008
Project("{54435603-DBB4-11D2-8724-00A0C9A8B90C}") = "Setup1", "ApsimSetupTemplate.vdproj", "{7FB6E00F-0D40-452B-B980-BAEBF2450109}"
EndProject
Global
	GlobalSection(SolutionConfigurationPlatforms) = preSolution
		Debug|Default = Debug|Default
		Release|Default = Release|Default
	EndGlobalSection
	GlobalSection(ProjectConfigurationPlatforms) = postSolution
		{7FB6E00F-0D40-452B-B980-BAEBF2450109}.Debug|Default.ActiveCfg = Debug
		{7FB6E00F-0D40-452B-B980-BAEBF2450109}.Debug|Default.Build.0 = Debug
		{7FB6E00F-0D40-452B-B980-BAEBF2450109}.Release|Default.ActiveCfg = Release
		{7FB6E00F-0D40-452B-B980-BAEBF2450109}.Release|Default.Build.0 = Release
	EndGlobalSection
	GlobalSection(SolutionProperties) = preSolution
		HideSolutionNode = FALSE
	EndGlobalSection
EndGlobal
