
Microsoft Visual Studio Solution File, Format Version 10.00
# Visual Studio 2008
Project("{54435603-DBB4-11D2-8724-00A0C9A8B90C}") = "Setup1", "ApsimSetup.vdproj", "{B01A9D9C-FDCB-4295-AAF7-09186578DB30}"
EndProject
Global
	GlobalSection(SolutionConfigurationPlatforms) = preSolution
		Debug|Default = Debug|Default
		Release|Default = Release|Default
	EndGlobalSection
	GlobalSection(ProjectConfigurationPlatforms) = postSolution
		{B01A9D9C-FDCB-4295-AAF7-09186578DB30}.Debug|Default.ActiveCfg = Debug
		{B01A9D9C-FDCB-4295-AAF7-09186578DB30}.Debug|Default.Build.0 = Debug
		{B01A9D9C-FDCB-4295-AAF7-09186578DB30}.Release|Default.ActiveCfg = Release
		{B01A9D9C-FDCB-4295-AAF7-09186578DB30}.Release|Default.Build.0 = Release
	EndGlobalSection
	GlobalSection(SolutionProperties) = preSolution
		HideSolutionNode = FALSE
	EndGlobalSection
EndGlobal
