
Microsoft Visual Studio Solution File, Format Version 11.00
# Visual Studio 2010
Project("{F184B08F-C81C-45F6-A57F-5ABD9991F28F}") = "DDRules", "DDRules.vbproj", "{1D8D3829-8CD3-416F-9BE1-7A6E222D2798}"
	ProjectSection(ProjectDependencies) = postProject
		{30280929-45EF-4172-A9BD-76E7717229C3} = {30280929-45EF-4172-A9BD-76E7717229C3}
		{1C3A217E-058B-40CB-ADE2-5F7ACE3560B3} = {1C3A217E-058B-40CB-ADE2-5F7ACE3560B3}
	EndProjectSection
EndProject
Project("{F184B08F-C81C-45F6-A57F-5ABD9991F28F}") = "EffluentIrrigator", "EffluentIrrigator\EffluentIrrigator.vbproj", "{30280929-45EF-4172-A9BD-76E7717229C3}"
	ProjectSection(ProjectDependencies) = postProject
		{1C3A217E-058B-40CB-ADE2-5F7ACE3560B3} = {1C3A217E-058B-40CB-ADE2-5F7ACE3560B3}
	EndProjectSection
EndProject
Project("{F184B08F-C81C-45F6-A57F-5ABD9991F28F}") = "DDRulesTypes", "DDRulesTypes\DDRulesTypes.vbproj", "{1C3A217E-058B-40CB-ADE2-5F7ACE3560B3}"
EndProject
Project("{F184B08F-C81C-45F6-A57F-5ABD9991F28F}") = "EffluentPond", "EffluentPond\EffluentPond.vbproj", "{7F8B8F97-8F4B-4431-B553-F33626877BAA}"
EndProject
Project("{F184B08F-C81C-45F6-A57F-5ABD9991F28F}") = "FeedStore", "FeedStore\FeedStore.vbproj", "{E46B8623-1DCF-4A55-AFA6-58C57625B683}"
EndProject
Project("{F184B08F-C81C-45F6-A57F-5ABD9991F28F}") = "DairyCows", "DairyCows\DairyCows.vbproj", "{BE5BB546-C56F-4950-AF22-2BD70C94B8FA}"
EndProject
Global
	GlobalSection(SubversionScc) = preSolution
		Svn-Managed = True
		Manager = AnkhSVN - Subversion Support for Visual Studio
	EndGlobalSection
	GlobalSection(SolutionConfigurationPlatforms) = preSolution
		Debug|Any CPU = Debug|Any CPU
		Release|Any CPU = Release|Any CPU
	EndGlobalSection
	GlobalSection(ProjectConfigurationPlatforms) = postSolution
		{1D8D3829-8CD3-416F-9BE1-7A6E222D2798}.Debug|Any CPU.ActiveCfg = Debug|Any CPU
		{1D8D3829-8CD3-416F-9BE1-7A6E222D2798}.Debug|Any CPU.Build.0 = Debug|Any CPU
		{1D8D3829-8CD3-416F-9BE1-7A6E222D2798}.Release|Any CPU.ActiveCfg = Release|Any CPU
		{1D8D3829-8CD3-416F-9BE1-7A6E222D2798}.Release|Any CPU.Build.0 = Release|Any CPU
		{30280929-45EF-4172-A9BD-76E7717229C3}.Debug|Any CPU.ActiveCfg = Debug|Any CPU
		{30280929-45EF-4172-A9BD-76E7717229C3}.Debug|Any CPU.Build.0 = Debug|Any CPU
		{30280929-45EF-4172-A9BD-76E7717229C3}.Release|Any CPU.ActiveCfg = Release|Any CPU
		{30280929-45EF-4172-A9BD-76E7717229C3}.Release|Any CPU.Build.0 = Release|Any CPU
		{1C3A217E-058B-40CB-ADE2-5F7ACE3560B3}.Debug|Any CPU.ActiveCfg = Debug|Any CPU
		{1C3A217E-058B-40CB-ADE2-5F7ACE3560B3}.Debug|Any CPU.Build.0 = Debug|Any CPU
		{1C3A217E-058B-40CB-ADE2-5F7ACE3560B3}.Release|Any CPU.ActiveCfg = Release|Any CPU
		{1C3A217E-058B-40CB-ADE2-5F7ACE3560B3}.Release|Any CPU.Build.0 = Release|Any CPU
		{7F8B8F97-8F4B-4431-B553-F33626877BAA}.Debug|Any CPU.ActiveCfg = Debug|Any CPU
		{7F8B8F97-8F4B-4431-B553-F33626877BAA}.Debug|Any CPU.Build.0 = Debug|Any CPU
		{7F8B8F97-8F4B-4431-B553-F33626877BAA}.Release|Any CPU.ActiveCfg = Release|Any CPU
		{7F8B8F97-8F4B-4431-B553-F33626877BAA}.Release|Any CPU.Build.0 = Release|Any CPU
		{E46B8623-1DCF-4A55-AFA6-58C57625B683}.Debug|Any CPU.ActiveCfg = Debug|Any CPU
		{E46B8623-1DCF-4A55-AFA6-58C57625B683}.Debug|Any CPU.Build.0 = Debug|Any CPU
		{E46B8623-1DCF-4A55-AFA6-58C57625B683}.Release|Any CPU.ActiveCfg = Release|Any CPU
		{E46B8623-1DCF-4A55-AFA6-58C57625B683}.Release|Any CPU.Build.0 = Release|Any CPU
		{BE5BB546-C56F-4950-AF22-2BD70C94B8FA}.Debug|Any CPU.ActiveCfg = Debug|Any CPU
		{BE5BB546-C56F-4950-AF22-2BD70C94B8FA}.Debug|Any CPU.Build.0 = Debug|Any CPU
		{BE5BB546-C56F-4950-AF22-2BD70C94B8FA}.Release|Any CPU.ActiveCfg = Release|Any CPU
		{BE5BB546-C56F-4950-AF22-2BD70C94B8FA}.Release|Any CPU.Build.0 = Release|Any CPU
	EndGlobalSection
	GlobalSection(SolutionProperties) = preSolution
		HideSolutionNode = FALSE
	EndGlobalSection
EndGlobal
