
Microsoft Visual Studio Solution File, Format Version 10.00
# Visual Studio 2008
Project("{8BC9CEB8-8B4A-11D0-8D11-00A0C91BC942}") = "Plant", "Plant.vcproj", "{2C9FB9B3-CB34-4B19-BBC0-455DC0D2BC7D}"
EndProject
Global
	GlobalSection(SolutionConfigurationPlatforms) = preSolution
		Debug|Win32 = Debug|Win32
		Release|Win32 = Release|Win32
	EndGlobalSection
	GlobalSection(ProjectConfigurationPlatforms) = postSolution
		{2C9FB9B3-CB34-4B19-BBC0-455DC0D2BC7D}.Debug|Win32.ActiveCfg = Debug|Win32
		{2C9FB9B3-CB34-4B19-BBC0-455DC0D2BC7D}.Debug|Win32.Build.0 = Debug|Win32
		{2C9FB9B3-CB34-4B19-BBC0-455DC0D2BC7D}.Release|Win32.ActiveCfg = Release|Win32
		{2C9FB9B3-CB34-4B19-BBC0-455DC0D2BC7D}.Release|Win32.Build.0 = Release|Win32
	EndGlobalSection
	GlobalSection(SolutionProperties) = preSolution
		HideSolutionNode = FALSE
	EndGlobalSection
EndGlobal
