
Microsoft Visual Studio Solution File, Format Version 12.00
# Visual Studio Version 16
VisualStudioVersion = 16.0.29324.140
MinimumVisualStudioVersion = 10.0.40219.1
Project("{8BC9CEB8-8B4A-11D0-8D11-00A0C91BC942}") = "Plant", "Plant.vcxproj", "{2C9FB9B3-CB34-4B19-BBC0-455DC0D2BC7D}"
EndProject
Global
	GlobalSection(SolutionConfigurationPlatforms) = preSolution
		Debug|ARM = Debug|ARM
		Debug|Win32 = Debug|Win32
		Debug|x64 = Debug|x64
		Release|ARM = Release|ARM
		Release|Win32 = Release|Win32
		Release|x64 = Release|x64
	EndGlobalSection
	GlobalSection(ProjectConfigurationPlatforms) = postSolution
		{2C9FB9B3-CB34-4B19-BBC0-455DC0D2BC7D}.Debug|ARM.ActiveCfg = Debug|ARM
		{2C9FB9B3-CB34-4B19-BBC0-455DC0D2BC7D}.Debug|ARM.Build.0 = Debug|ARM
		{2C9FB9B3-CB34-4B19-BBC0-455DC0D2BC7D}.Debug|Win32.ActiveCfg = Debug|Win32
		{2C9FB9B3-CB34-4B19-BBC0-455DC0D2BC7D}.Debug|Win32.Build.0 = Debug|Win32
		{2C9FB9B3-CB34-4B19-BBC0-455DC0D2BC7D}.Debug|x64.ActiveCfg = Debug|x64
		{2C9FB9B3-CB34-4B19-BBC0-455DC0D2BC7D}.Debug|x64.Build.0 = Debug|x64
		{2C9FB9B3-CB34-4B19-BBC0-455DC0D2BC7D}.Release|ARM.ActiveCfg = Release|ARM
		{2C9FB9B3-CB34-4B19-BBC0-455DC0D2BC7D}.Release|ARM.Build.0 = Release|ARM
		{2C9FB9B3-CB34-4B19-BBC0-455DC0D2BC7D}.Release|Win32.ActiveCfg = Release|Win32
		{2C9FB9B3-CB34-4B19-BBC0-455DC0D2BC7D}.Release|Win32.Build.0 = Release|Win32
		{2C9FB9B3-CB34-4B19-BBC0-455DC0D2BC7D}.Release|x64.ActiveCfg = Release|x64
		{2C9FB9B3-CB34-4B19-BBC0-455DC0D2BC7D}.Release|x64.Build.0 = Release|x64
	EndGlobalSection
	GlobalSection(SolutionProperties) = preSolution
		HideSolutionNode = FALSE
	EndGlobalSection
	GlobalSection(ExtensibilityGlobals) = postSolution
		SolutionGuid = {AAF6F1C1-3505-4F10-9E81-44EDD91D6F45}
	EndGlobalSection
EndGlobal
