
Microsoft Visual Studio Solution File, Format Version 10.00
# Visual Studio 2008
Project("{FAE04EC0-301F-11D3-BF4B-00C04F79EFBC}") = "Test", "Test.csproj", "{B77EA6AF-08EF-4897-9407-D6D76B906308}"
EndProject
Global
	GlobalSection(SolutionConfigurationPlatforms) = preSolution
		Debug|Any CPU = Debug|Any CPU
		Release|Any CPU = Release|Any CPU
	EndGlobalSection
	GlobalSection(ProjectConfigurationPlatforms) = postSolution
		{B77EA6AF-08EF-4897-9407-D6D76B906308}.Debug|Any CPU.ActiveCfg = Debug|Any CPU
		{B77EA6AF-08EF-4897-9407-D6D76B906308}.Debug|Any CPU.Build.0 = Debug|Any CPU
		{B77EA6AF-08EF-4897-9407-D6D76B906308}.Release|Any CPU.ActiveCfg = Release|Any CPU
		{B77EA6AF-08EF-4897-9407-D6D76B906308}.Release|Any CPU.Build.0 = Release|Any CPU
	EndGlobalSection
	GlobalSection(SolutionProperties) = preSolution
		HideSolutionNode = FALSE
	EndGlobalSection
EndGlobal
