
Microsoft Visual Studio Solution File, Format Version 11.00
# Visual Studio 2010
Project("{8BC9CEB8-8B4A-11D0-8D11-00A0C91BC942}") = "Apsim", "Apsim.vcxproj", "{BD117644-3240-40D6-9986-55BD7BB7D0DC}"
EndProject
Project("{8BC9CEB8-8B4A-11D0-8D11-00A0C91BC942}") = "ComponentInterface2", "..\ComponentInterface2\ComponentInterface2.vcxproj", "{4C8BDE84-C83D-4707-98E7-54DDB7B06780}"
EndProject
Project("{8BC9CEB8-8B4A-11D0-8D11-00A0C91BC942}") = "ComponentInterface", "..\ComponentInterface\ComponentInterface.vcxproj", "{283E20E0-CDCF-4132-8AAA-41888C260DC8}"
EndProject
Project("{8BC9CEB8-8B4A-11D0-8D11-00A0C91BC942}") = "Sorghum", "..\Sorghum\Sorghum.vcxproj", "{72493759-EF26-492F-A6F8-5620CF93D0B6}"
EndProject
Project("{8BC9CEB8-8B4A-11D0-8D11-00A0C91BC942}") = "TclComponent", "..\TclLink\TclComponent.vcxproj", "{6F59CB7E-16A5-4BD4-8A16-F711E52399ED}"
EndProject
Project("{8BC9CEB8-8B4A-11D0-8D11-00A0C91BC942}") = "ProtocolManager", "..\ProtocolManager\ProtocolManager.vcxproj", "{355BDDC2-7C0F-4D50-B434-D7ADB8CCDD4A}"
EndProject
Project("{8BC9CEB8-8B4A-11D0-8D11-00A0C91BC942}") = "Plant", "..\Plant\Plant.vcxproj", "{2C9FB9B3-CB34-4B19-BBC0-455DC0D2BC7D}"
EndProject
Global
	GlobalSection(SolutionConfigurationPlatforms) = preSolution
		Debug|Win32 = Debug|Win32
		Release|Win32 = Release|Win32
	EndGlobalSection
	GlobalSection(ProjectConfigurationPlatforms) = postSolution
		{BD117644-3240-40D6-9986-55BD7BB7D0DC}.Debug|Win32.ActiveCfg = Debug|Win32
		{BD117644-3240-40D6-9986-55BD7BB7D0DC}.Debug|Win32.Build.0 = Debug|Win32
		{BD117644-3240-40D6-9986-55BD7BB7D0DC}.Release|Win32.ActiveCfg = Release|Win32
		{BD117644-3240-40D6-9986-55BD7BB7D0DC}.Release|Win32.Build.0 = Release|Win32
		{4C8BDE84-C83D-4707-98E7-54DDB7B06780}.Debug|Win32.ActiveCfg = Debug|Win32
		{4C8BDE84-C83D-4707-98E7-54DDB7B06780}.Debug|Win32.Build.0 = Debug|Win32
		{4C8BDE84-C83D-4707-98E7-54DDB7B06780}.Release|Win32.ActiveCfg = Release|Win32
		{4C8BDE84-C83D-4707-98E7-54DDB7B06780}.Release|Win32.Build.0 = Release|Win32
		{283E20E0-CDCF-4132-8AAA-41888C260DC8}.Debug|Win32.ActiveCfg = Debug|Win32
		{283E20E0-CDCF-4132-8AAA-41888C260DC8}.Debug|Win32.Build.0 = Debug|Win32
		{283E20E0-CDCF-4132-8AAA-41888C260DC8}.Release|Win32.ActiveCfg = Release|Win32
		{283E20E0-CDCF-4132-8AAA-41888C260DC8}.Release|Win32.Build.0 = Release|Win32
		{72493759-EF26-492F-A6F8-5620CF93D0B6}.Debug|Win32.ActiveCfg = Debug|Win32
		{72493759-EF26-492F-A6F8-5620CF93D0B6}.Debug|Win32.Build.0 = Debug|Win32
		{72493759-EF26-492F-A6F8-5620CF93D0B6}.Release|Win32.ActiveCfg = Release|Win32
		{72493759-EF26-492F-A6F8-5620CF93D0B6}.Release|Win32.Build.0 = Release|Win32
		{6F59CB7E-16A5-4BD4-8A16-F711E52399ED}.Debug|Win32.ActiveCfg = Debug|Win32
		{6F59CB7E-16A5-4BD4-8A16-F711E52399ED}.Debug|Win32.Build.0 = Debug|Win32
		{6F59CB7E-16A5-4BD4-8A16-F711E52399ED}.Release|Win32.ActiveCfg = Release|Win32
		{6F59CB7E-16A5-4BD4-8A16-F711E52399ED}.Release|Win32.Build.0 = Release|Win32
		{355BDDC2-7C0F-4D50-B434-D7ADB8CCDD4A}.Debug|Win32.ActiveCfg = Debug|Win32
		{355BDDC2-7C0F-4D50-B434-D7ADB8CCDD4A}.Debug|Win32.Build.0 = Debug|Win32
		{355BDDC2-7C0F-4D50-B434-D7ADB8CCDD4A}.Release|Win32.ActiveCfg = Release|Win32
		{355BDDC2-7C0F-4D50-B434-D7ADB8CCDD4A}.Release|Win32.Build.0 = Release|Win32
		{2C9FB9B3-CB34-4B19-BBC0-455DC0D2BC7D}.Debug|Win32.ActiveCfg = Debug|Win32
		{2C9FB9B3-CB34-4B19-BBC0-455DC0D2BC7D}.Debug|Win32.Build.0 = Debug|Win32
		{2C9FB9B3-CB34-4B19-BBC0-455DC0D2BC7D}.Release|Win32.ActiveCfg = Release|Win32
		{2C9FB9B3-CB34-4B19-BBC0-455DC0D2BC7D}.Release|Win32.Build.0 = Release|Win32
	EndGlobalSection
	GlobalSection(SolutionProperties) = preSolution
		HideSolutionNode = FALSE
	EndGlobalSection
EndGlobal
