
Microsoft Visual Studio Solution File, Format Version 11.00
# Visual Studio 2010
Project("{FAE04EC0-301F-11D3-BF4B-00C04F79EFBC}") = "SoilArbitrator", "SoilArbitrator.csproj", "{597A3C04-5951-48BC-85E5-F6B6FF6A1C3D}"
EndProject
Global
	GlobalSection(SolutionConfigurationPlatforms) = preSolution
		Debug|Any CPU = Debug|Any CPU
		Release|Any CPU = Release|Any CPU
	EndGlobalSection
	GlobalSection(ProjectConfigurationPlatforms) = postSolution
		{597A3C04-5951-48BC-85E5-F6B6FF6A1C3D}.Debug|Any CPU.ActiveCfg = Debug|Any CPU
		{597A3C04-5951-48BC-85E5-F6B6FF6A1C3D}.Debug|Any CPU.Build.0 = Debug|Any CPU
		{597A3C04-5951-48BC-85E5-F6B6FF6A1C3D}.Release|Any CPU.ActiveCfg = Release|Any CPU
		{597A3C04-5951-48BC-85E5-F6B6FF6A1C3D}.Release|Any CPU.Build.0 = Release|Any CPU
	EndGlobalSection
	GlobalSection(SolutionProperties) = preSolution
		HideSolutionNode = FALSE
	EndGlobalSection
EndGlobal
