
Microsoft Visual Studio Solution File, Format Version 9.00
# Visual Studio 2005
Project("{FAE04EC0-301F-11D3-BF4B-00C04F79EFBC}") = "Test", "Test.csproj", "{B77EA6AF-08EF-4897-9407-D6D76B906308}"
EndProject
Global
	GlobalSection(SolutionConfigurationPlatforms) = preSolution
		Debug|Any CPU = Debug|Any CPU
		Debug|Mixed Platforms = Debug|Mixed Platforms
		Debug|Win32 = Debug|Win32
		Release|Any CPU = Release|Any CPU
		Release|Mixed Platforms = Release|Mixed Platforms
		Release|Win32 = Release|Win32
	EndGlobalSection
	GlobalSection(ProjectConfigurationPlatforms) = postSolution
		{B77EA6AF-08EF-4897-9407-D6D76B906308}.Debug|Any CPU.ActiveCfg = Debug|Any CPU
		{B77EA6AF-08EF-4897-9407-D6D76B906308}.Debug|Any CPU.Build.0 = Debug|Any CPU
		{B77EA6AF-08EF-4897-9407-D6D76B906308}.Debug|Mixed Platforms.ActiveCfg = Debug|Any CPU
		{B77EA6AF-08EF-4897-9407-D6D76B906308}.Debug|Mixed Platforms.Build.0 = Debug|Any CPU
		{B77EA6AF-08EF-4897-9407-D6D76B906308}.Debug|Win32.ActiveCfg = Debug|Any CPU
		{B77EA6AF-08EF-4897-9407-D6D76B906308}.Release|Any CPU.ActiveCfg = Release|Any CPU
		{B77EA6AF-08EF-4897-9407-D6D76B906308}.Release|Any CPU.Build.0 = Release|Any CPU
		{B77EA6AF-08EF-4897-9407-D6D76B906308}.Release|Mixed Platforms.ActiveCfg = Release|Any CPU
		{B77EA6AF-08EF-4897-9407-D6D76B906308}.Release|Mixed Platforms.Build.0 = Release|Any CPU
		{B77EA6AF-08EF-4897-9407-D6D76B906308}.Release|Win32.ActiveCfg = Release|Any CPU
		{29628A0A-C648-4696-BB7A-04AAE8433305}.Debug|Any CPU.ActiveCfg = Debug|Win32
		{29628A0A-C648-4696-BB7A-04AAE8433305}.Debug|Mixed Platforms.ActiveCfg = Debug|Win32
		{29628A0A-C648-4696-BB7A-04AAE8433305}.Debug|Mixed Platforms.Build.0 = Debug|Win32
		{29628A0A-C648-4696-BB7A-04AAE8433305}.Debug|Win32.ActiveCfg = Debug|Win32
		{29628A0A-C648-4696-BB7A-04AAE8433305}.Debug|Win32.Build.0 = Debug|Win32
		{29628A0A-C648-4696-BB7A-04AAE8433305}.Release|Any CPU.ActiveCfg = Release|Win32
		{29628A0A-C648-4696-BB7A-04AAE8433305}.Release|Mixed Platforms.ActiveCfg = Release|Win32
		{29628A0A-C648-4696-BB7A-04AAE8433305}.Release|Mixed Platforms.Build.0 = Release|Win32
		{29628A0A-C648-4696-BB7A-04AAE8433305}.Release|Win32.ActiveCfg = Release|Win32
		{29628A0A-C648-4696-BB7A-04AAE8433305}.Release|Win32.Build.0 = Release|Win32
	EndGlobalSection
	GlobalSection(SolutionProperties) = preSolution
		HideSolutionNode = FALSE
	EndGlobalSection
EndGlobal
