
Microsoft Visual Studio Solution File, Format Version 11.00
# Visual Studio 2010
Project("{8BC9CEB8-8B4A-11D0-8D11-00A0C91BC942}") = "Apsim", "Apsim.vcxproj", "{BD117644-3240-40D6-9986-55BD7BB7D0DC}"
EndProject
Project("{8BC9CEB8-8B4A-11D0-8D11-00A0C91BC942}") = "ComponentInterface2", "..\ComponentInterface2\ComponentInterface2.vcxproj", "{4C8BDE84-C83D-4707-98E7-54DDB7B06780}"
EndProject
Project("{8BC9CEB8-8B4A-11D0-8D11-00A0C91BC942}") = "ComponentInterface", "..\ComponentInterface\ComponentInterface.vcxproj", "{283E20E0-CDCF-4132-8AAA-41888C260DC8}"
EndProject
Project("{8BC9CEB8-8B4A-11D0-8D11-00A0C91BC942}") = "Sorghum", "..\Sorghum\Sorghum.vcxproj", "{72493759-EF26-492F-A6F8-5620CF93D0B6}"
EndProject
Project("{8BC9CEB8-8B4A-11D0-8D11-00A0C91BC942}") = "TclComponent", "..\TclLink\TclComponent.vcxproj", "{6F59CB7E-16A5-4BD4-8A16-F711E52399ED}"
EndProject
Project("{8BC9CEB8-8B4A-11D0-8D11-00A0C91BC942}") = "ProtocolManager", "..\ProtocolManager\ProtocolManager.vcxproj", "{355BDDC2-7C0F-4D50-B434-D7ADB8CCDD4A}"
EndProject
Project("{8BC9CEB8-8B4A-11D0-8D11-00A0C91BC942}") = "Plant", "..\Plant\Plant.vcxproj", "{2C9FB9B3-CB34-4B19-BBC0-455DC0D2BC7D}"
EndProject
Project("{8BC9CEB8-8B4A-11D0-8D11-00A0C91BC942}") = "General", "..\General\General.vcxproj", "{76160C3C-4603-4836-9473-5B0841683218}"
EndProject
Project("{8BC9CEB8-8B4A-11D0-8D11-00A0C91BC942}") = "ApsimShared", "..\ApsimShared\ApsimShared.vcxproj", "{568D3C2E-641E-48B2-A030-51B01D5D490A}"
EndProject
Project("{8BC9CEB8-8B4A-11D0-8D11-00A0C91BC942}") = "FortranComponentInterface", "..\FortranComponentInterface\FortranComponentInterface.vcxproj", "{39FB1451-CE59-4CDD-8A08-FB00172B0FB4}"
EndProject
Project("{8BC9CEB8-8B4A-11D0-8D11-00A0C91BC942}") = "FortranComponentInterface2", "..\FortranComponentInterface2\FortranComponentInterface2.vcxproj", "{5326314E-DB01-4768-BAB5-9AF801C6E64A}"
EndProject
Project("{8BC9CEB8-8B4A-11D0-8D11-00A0C91BC942}") = "Protocol", "..\Protocol\Protocol.vcxproj", "{D06240A2-D074-40C8-B621-7752DD77A19A}"
EndProject
Project("{8BC9CEB8-8B4A-11D0-8D11-00A0C91BC942}") = "Input", "..\Input\Input.vcxproj", "{FE28AFA4-D615-4B56-A8FB-C280F4AF147C}"
EndProject
Project("{8BC9CEB8-8B4A-11D0-8D11-00A0C91BC942}") = "Report", "..\Report\Report.vcxproj", "{6F377C3C-9EA2-4A60-A2EA-D2522E00756A}"
EndProject
Project("{8BC9CEB8-8B4A-11D0-8D11-00A0C91BC942}") = "Graz", "..\Graz\Graz.vcxproj", "{AE78B9BF-E948-46A0-8818-97D2F3C39573}"
EndProject
Project("{8BC9CEB8-8B4A-11D0-8D11-00A0C91BC942}") = "log", "..\Log\log.vcxproj", "{F41DA7BA-00B6-4EC0-90BD-EE5E5703F86B}"
EndProject
Global
	GlobalSection(SolutionConfigurationPlatforms) = preSolution
		Debug|Any CPU = Debug|Any CPU
		Debug|Mixed Platforms = Debug|Mixed Platforms
		Debug|Win32 = Debug|Win32
		Release|Any CPU = Release|Any CPU
		Release|Mixed Platforms = Release|Mixed Platforms
		Release|Win32 = Release|Win32
	EndGlobalSection
	GlobalSection(ProjectConfigurationPlatforms) = postSolution
		{BD117644-3240-40D6-9986-55BD7BB7D0DC}.Debug|Any CPU.ActiveCfg = Debug|Win32
		{BD117644-3240-40D6-9986-55BD7BB7D0DC}.Debug|Mixed Platforms.ActiveCfg = Debug|Win32
		{BD117644-3240-40D6-9986-55BD7BB7D0DC}.Debug|Mixed Platforms.Build.0 = Debug|Win32
		{BD117644-3240-40D6-9986-55BD7BB7D0DC}.Debug|Win32.ActiveCfg = Debug|Win32
		{BD117644-3240-40D6-9986-55BD7BB7D0DC}.Debug|Win32.Build.0 = Debug|Win32
		{BD117644-3240-40D6-9986-55BD7BB7D0DC}.Release|Any CPU.ActiveCfg = Release|Win32
		{BD117644-3240-40D6-9986-55BD7BB7D0DC}.Release|Mixed Platforms.ActiveCfg = Release|Win32
		{BD117644-3240-40D6-9986-55BD7BB7D0DC}.Release|Mixed Platforms.Build.0 = Release|Win32
		{BD117644-3240-40D6-9986-55BD7BB7D0DC}.Release|Win32.ActiveCfg = Release|Win32
		{BD117644-3240-40D6-9986-55BD7BB7D0DC}.Release|Win32.Build.0 = Release|Win32
		{4C8BDE84-C83D-4707-98E7-54DDB7B06780}.Debug|Any CPU.ActiveCfg = Debug|Win32
		{4C8BDE84-C83D-4707-98E7-54DDB7B06780}.Debug|Mixed Platforms.ActiveCfg = Debug|Win32
		{4C8BDE84-C83D-4707-98E7-54DDB7B06780}.Debug|Mixed Platforms.Build.0 = Debug|Win32
		{4C8BDE84-C83D-4707-98E7-54DDB7B06780}.Debug|Win32.ActiveCfg = Debug|Win32
		{4C8BDE84-C83D-4707-98E7-54DDB7B06780}.Debug|Win32.Build.0 = Debug|Win32
		{4C8BDE84-C83D-4707-98E7-54DDB7B06780}.Release|Any CPU.ActiveCfg = Release|Win32
		{4C8BDE84-C83D-4707-98E7-54DDB7B06780}.Release|Mixed Platforms.ActiveCfg = Release|Win32
		{4C8BDE84-C83D-4707-98E7-54DDB7B06780}.Release|Mixed Platforms.Build.0 = Release|Win32
		{4C8BDE84-C83D-4707-98E7-54DDB7B06780}.Release|Win32.ActiveCfg = Release|Win32
		{4C8BDE84-C83D-4707-98E7-54DDB7B06780}.Release|Win32.Build.0 = Release|Win32
		{283E20E0-CDCF-4132-8AAA-41888C260DC8}.Debug|Any CPU.ActiveCfg = Debug|Win32
		{283E20E0-CDCF-4132-8AAA-41888C260DC8}.Debug|Mixed Platforms.ActiveCfg = Debug|Win32
		{283E20E0-CDCF-4132-8AAA-41888C260DC8}.Debug|Mixed Platforms.Build.0 = Debug|Win32
		{283E20E0-CDCF-4132-8AAA-41888C260DC8}.Debug|Win32.ActiveCfg = Debug|Win32
		{283E20E0-CDCF-4132-8AAA-41888C260DC8}.Debug|Win32.Build.0 = Debug|Win32
		{283E20E0-CDCF-4132-8AAA-41888C260DC8}.Release|Any CPU.ActiveCfg = Release|Win32
		{283E20E0-CDCF-4132-8AAA-41888C260DC8}.Release|Mixed Platforms.ActiveCfg = Release|Win32
		{283E20E0-CDCF-4132-8AAA-41888C260DC8}.Release|Mixed Platforms.Build.0 = Release|Win32
		{283E20E0-CDCF-4132-8AAA-41888C260DC8}.Release|Win32.ActiveCfg = Release|Win32
		{283E20E0-CDCF-4132-8AAA-41888C260DC8}.Release|Win32.Build.0 = Release|Win32
		{72493759-EF26-492F-A6F8-5620CF93D0B6}.Debug|Any CPU.ActiveCfg = Debug|Win32
		{72493759-EF26-492F-A6F8-5620CF93D0B6}.Debug|Mixed Platforms.ActiveCfg = Debug|Win32
		{72493759-EF26-492F-A6F8-5620CF93D0B6}.Debug|Mixed Platforms.Build.0 = Debug|Win32
		{72493759-EF26-492F-A6F8-5620CF93D0B6}.Debug|Win32.ActiveCfg = Debug|Win32
		{72493759-EF26-492F-A6F8-5620CF93D0B6}.Debug|Win32.Build.0 = Debug|Win32
		{72493759-EF26-492F-A6F8-5620CF93D0B6}.Release|Any CPU.ActiveCfg = Release|Win32
		{72493759-EF26-492F-A6F8-5620CF93D0B6}.Release|Mixed Platforms.ActiveCfg = Release|Win32
		{72493759-EF26-492F-A6F8-5620CF93D0B6}.Release|Mixed Platforms.Build.0 = Release|Win32
		{72493759-EF26-492F-A6F8-5620CF93D0B6}.Release|Win32.ActiveCfg = Release|Win32
		{72493759-EF26-492F-A6F8-5620CF93D0B6}.Release|Win32.Build.0 = Release|Win32
		{6F59CB7E-16A5-4BD4-8A16-F711E52399ED}.Debug|Any CPU.ActiveCfg = Debug|Win32
		{6F59CB7E-16A5-4BD4-8A16-F711E52399ED}.Debug|Mixed Platforms.ActiveCfg = Debug|Win32
		{6F59CB7E-16A5-4BD4-8A16-F711E52399ED}.Debug|Mixed Platforms.Build.0 = Debug|Win32
		{6F59CB7E-16A5-4BD4-8A16-F711E52399ED}.Debug|Win32.ActiveCfg = Debug|Win32
		{6F59CB7E-16A5-4BD4-8A16-F711E52399ED}.Debug|Win32.Build.0 = Debug|Win32
		{6F59CB7E-16A5-4BD4-8A16-F711E52399ED}.Release|Any CPU.ActiveCfg = Release|Win32
		{6F59CB7E-16A5-4BD4-8A16-F711E52399ED}.Release|Mixed Platforms.ActiveCfg = Release|Win32
		{6F59CB7E-16A5-4BD4-8A16-F711E52399ED}.Release|Mixed Platforms.Build.0 = Release|Win32
		{6F59CB7E-16A5-4BD4-8A16-F711E52399ED}.Release|Win32.ActiveCfg = Release|Win32
		{6F59CB7E-16A5-4BD4-8A16-F711E52399ED}.Release|Win32.Build.0 = Release|Win32
		{355BDDC2-7C0F-4D50-B434-D7ADB8CCDD4A}.Debug|Any CPU.ActiveCfg = Debug|Win32
		{355BDDC2-7C0F-4D50-B434-D7ADB8CCDD4A}.Debug|Mixed Platforms.ActiveCfg = Debug|Win32
		{355BDDC2-7C0F-4D50-B434-D7ADB8CCDD4A}.Debug|Mixed Platforms.Build.0 = Debug|Win32
		{355BDDC2-7C0F-4D50-B434-D7ADB8CCDD4A}.Debug|Win32.ActiveCfg = Debug|Win32
		{355BDDC2-7C0F-4D50-B434-D7ADB8CCDD4A}.Debug|Win32.Build.0 = Debug|Win32
		{355BDDC2-7C0F-4D50-B434-D7ADB8CCDD4A}.Release|Any CPU.ActiveCfg = Release|Win32
		{355BDDC2-7C0F-4D50-B434-D7ADB8CCDD4A}.Release|Mixed Platforms.ActiveCfg = Release|Win32
		{355BDDC2-7C0F-4D50-B434-D7ADB8CCDD4A}.Release|Mixed Platforms.Build.0 = Release|Win32
		{355BDDC2-7C0F-4D50-B434-D7ADB8CCDD4A}.Release|Win32.ActiveCfg = Release|Win32
		{355BDDC2-7C0F-4D50-B434-D7ADB8CCDD4A}.Release|Win32.Build.0 = Release|Win32
		{2C9FB9B3-CB34-4B19-BBC0-455DC0D2BC7D}.Debug|Any CPU.ActiveCfg = Debug|Win32
		{2C9FB9B3-CB34-4B19-BBC0-455DC0D2BC7D}.Debug|Mixed Platforms.ActiveCfg = Debug|Win32
		{2C9FB9B3-CB34-4B19-BBC0-455DC0D2BC7D}.Debug|Mixed Platforms.Build.0 = Debug|Win32
		{2C9FB9B3-CB34-4B19-BBC0-455DC0D2BC7D}.Debug|Win32.ActiveCfg = Debug|Win32
		{2C9FB9B3-CB34-4B19-BBC0-455DC0D2BC7D}.Debug|Win32.Build.0 = Debug|Win32
		{2C9FB9B3-CB34-4B19-BBC0-455DC0D2BC7D}.Release|Any CPU.ActiveCfg = Release|Win32
		{2C9FB9B3-CB34-4B19-BBC0-455DC0D2BC7D}.Release|Mixed Platforms.ActiveCfg = Release|Win32
		{2C9FB9B3-CB34-4B19-BBC0-455DC0D2BC7D}.Release|Mixed Platforms.Build.0 = Release|Win32
		{2C9FB9B3-CB34-4B19-BBC0-455DC0D2BC7D}.Release|Win32.ActiveCfg = Release|Win32
		{2C9FB9B3-CB34-4B19-BBC0-455DC0D2BC7D}.Release|Win32.Build.0 = Release|Win32
		{76160C3C-4603-4836-9473-5B0841683218}.Debug|Any CPU.ActiveCfg = Debug|Win32
		{76160C3C-4603-4836-9473-5B0841683218}.Debug|Mixed Platforms.ActiveCfg = Debug|Win32
		{76160C3C-4603-4836-9473-5B0841683218}.Debug|Mixed Platforms.Build.0 = Debug|Win32
		{76160C3C-4603-4836-9473-5B0841683218}.Debug|Win32.ActiveCfg = Debug|Win32
		{76160C3C-4603-4836-9473-5B0841683218}.Debug|Win32.Build.0 = Debug|Win32
		{76160C3C-4603-4836-9473-5B0841683218}.Release|Any CPU.ActiveCfg = Release|Win32
		{76160C3C-4603-4836-9473-5B0841683218}.Release|Mixed Platforms.ActiveCfg = Release|Win32
		{76160C3C-4603-4836-9473-5B0841683218}.Release|Mixed Platforms.Build.0 = Release|Win32
		{76160C3C-4603-4836-9473-5B0841683218}.Release|Win32.ActiveCfg = Release|Win32
		{76160C3C-4603-4836-9473-5B0841683218}.Release|Win32.Build.0 = Release|Win32
		{568D3C2E-641E-48B2-A030-51B01D5D490A}.Debug|Any CPU.ActiveCfg = Debug|Win32
		{568D3C2E-641E-48B2-A030-51B01D5D490A}.Debug|Mixed Platforms.ActiveCfg = Debug|Win32
		{568D3C2E-641E-48B2-A030-51B01D5D490A}.Debug|Mixed Platforms.Build.0 = Debug|Win32
		{568D3C2E-641E-48B2-A030-51B01D5D490A}.Debug|Win32.ActiveCfg = Debug|Win32
		{568D3C2E-641E-48B2-A030-51B01D5D490A}.Debug|Win32.Build.0 = Debug|Win32
		{568D3C2E-641E-48B2-A030-51B01D5D490A}.Release|Any CPU.ActiveCfg = Release|Win32
		{568D3C2E-641E-48B2-A030-51B01D5D490A}.Release|Mixed Platforms.ActiveCfg = Release|Win32
		{568D3C2E-641E-48B2-A030-51B01D5D490A}.Release|Mixed Platforms.Build.0 = Release|Win32
		{568D3C2E-641E-48B2-A030-51B01D5D490A}.Release|Win32.ActiveCfg = Release|Win32
		{568D3C2E-641E-48B2-A030-51B01D5D490A}.Release|Win32.Build.0 = Release|Win32
		{39FB1451-CE59-4CDD-8A08-FB00172B0FB4}.Debug|Any CPU.ActiveCfg = Debug|Win32
		{39FB1451-CE59-4CDD-8A08-FB00172B0FB4}.Debug|Mixed Platforms.ActiveCfg = Debug|Win32
		{39FB1451-CE59-4CDD-8A08-FB00172B0FB4}.Debug|Mixed Platforms.Build.0 = Debug|Win32
		{39FB1451-CE59-4CDD-8A08-FB00172B0FB4}.Debug|Win32.ActiveCfg = Debug|Win32
		{39FB1451-CE59-4CDD-8A08-FB00172B0FB4}.Debug|Win32.Build.0 = Debug|Win32
		{39FB1451-CE59-4CDD-8A08-FB00172B0FB4}.Release|Any CPU.ActiveCfg = Release|Win32
		{39FB1451-CE59-4CDD-8A08-FB00172B0FB4}.Release|Mixed Platforms.ActiveCfg = Release|Win32
		{39FB1451-CE59-4CDD-8A08-FB00172B0FB4}.Release|Mixed Platforms.Build.0 = Release|Win32
		{39FB1451-CE59-4CDD-8A08-FB00172B0FB4}.Release|Win32.ActiveCfg = Release|Win32
		{39FB1451-CE59-4CDD-8A08-FB00172B0FB4}.Release|Win32.Build.0 = Release|Win32
		{5326314E-DB01-4768-BAB5-9AF801C6E64A}.Debug|Any CPU.ActiveCfg = Debug|Win32
		{5326314E-DB01-4768-BAB5-9AF801C6E64A}.Debug|Mixed Platforms.ActiveCfg = Debug|Win32
		{5326314E-DB01-4768-BAB5-9AF801C6E64A}.Debug|Mixed Platforms.Build.0 = Debug|Win32
		{5326314E-DB01-4768-BAB5-9AF801C6E64A}.Debug|Win32.ActiveCfg = Debug|Win32
		{5326314E-DB01-4768-BAB5-9AF801C6E64A}.Debug|Win32.Build.0 = Debug|Win32
		{5326314E-DB01-4768-BAB5-9AF801C6E64A}.Release|Any CPU.ActiveCfg = Release|Win32
		{5326314E-DB01-4768-BAB5-9AF801C6E64A}.Release|Mixed Platforms.ActiveCfg = Release|Win32
		{5326314E-DB01-4768-BAB5-9AF801C6E64A}.Release|Mixed Platforms.Build.0 = Release|Win32
		{5326314E-DB01-4768-BAB5-9AF801C6E64A}.Release|Win32.ActiveCfg = Release|Win32
		{5326314E-DB01-4768-BAB5-9AF801C6E64A}.Release|Win32.Build.0 = Release|Win32
		{D06240A2-D074-40C8-B621-7752DD77A19A}.Debug|Any CPU.ActiveCfg = Debug|Win32
		{D06240A2-D074-40C8-B621-7752DD77A19A}.Debug|Mixed Platforms.ActiveCfg = Debug|Win32
		{D06240A2-D074-40C8-B621-7752DD77A19A}.Debug|Mixed Platforms.Build.0 = Debug|Win32
		{D06240A2-D074-40C8-B621-7752DD77A19A}.Debug|Win32.ActiveCfg = Debug|Win32
		{D06240A2-D074-40C8-B621-7752DD77A19A}.Debug|Win32.Build.0 = Debug|Win32
		{D06240A2-D074-40C8-B621-7752DD77A19A}.Release|Any CPU.ActiveCfg = Release|Win32
		{D06240A2-D074-40C8-B621-7752DD77A19A}.Release|Mixed Platforms.ActiveCfg = Release|Win32
		{D06240A2-D074-40C8-B621-7752DD77A19A}.Release|Mixed Platforms.Build.0 = Release|Win32
		{D06240A2-D074-40C8-B621-7752DD77A19A}.Release|Win32.ActiveCfg = Release|Win32
		{D06240A2-D074-40C8-B621-7752DD77A19A}.Release|Win32.Build.0 = Release|Win32
		{FE28AFA4-D615-4B56-A8FB-C280F4AF147C}.Debug|Any CPU.ActiveCfg = Debug|Win32
		{FE28AFA4-D615-4B56-A8FB-C280F4AF147C}.Debug|Mixed Platforms.ActiveCfg = Debug|Win32
		{FE28AFA4-D615-4B56-A8FB-C280F4AF147C}.Debug|Mixed Platforms.Build.0 = Debug|Win32
		{FE28AFA4-D615-4B56-A8FB-C280F4AF147C}.Debug|Win32.ActiveCfg = Debug|Win32
		{FE28AFA4-D615-4B56-A8FB-C280F4AF147C}.Debug|Win32.Build.0 = Debug|Win32
		{FE28AFA4-D615-4B56-A8FB-C280F4AF147C}.Release|Any CPU.ActiveCfg = Release|Win32
		{FE28AFA4-D615-4B56-A8FB-C280F4AF147C}.Release|Mixed Platforms.ActiveCfg = Release|Win32
		{FE28AFA4-D615-4B56-A8FB-C280F4AF147C}.Release|Mixed Platforms.Build.0 = Release|Win32
		{FE28AFA4-D615-4B56-A8FB-C280F4AF147C}.Release|Win32.ActiveCfg = Release|Win32
		{FE28AFA4-D615-4B56-A8FB-C280F4AF147C}.Release|Win32.Build.0 = Release|Win32
		{6F377C3C-9EA2-4A60-A2EA-D2522E00756A}.Debug|Any CPU.ActiveCfg = Debug|Win32
		{6F377C3C-9EA2-4A60-A2EA-D2522E00756A}.Debug|Mixed Platforms.ActiveCfg = Debug|Win32
		{6F377C3C-9EA2-4A60-A2EA-D2522E00756A}.Debug|Mixed Platforms.Build.0 = Debug|Win32
		{6F377C3C-9EA2-4A60-A2EA-D2522E00756A}.Debug|Win32.ActiveCfg = Debug|Win32
		{6F377C3C-9EA2-4A60-A2EA-D2522E00756A}.Debug|Win32.Build.0 = Debug|Win32
		{6F377C3C-9EA2-4A60-A2EA-D2522E00756A}.Release|Any CPU.ActiveCfg = Release|Win32
		{6F377C3C-9EA2-4A60-A2EA-D2522E00756A}.Release|Mixed Platforms.ActiveCfg = Release|Win32
		{6F377C3C-9EA2-4A60-A2EA-D2522E00756A}.Release|Mixed Platforms.Build.0 = Release|Win32
		{6F377C3C-9EA2-4A60-A2EA-D2522E00756A}.Release|Win32.ActiveCfg = Release|Win32
		{6F377C3C-9EA2-4A60-A2EA-D2522E00756A}.Release|Win32.Build.0 = Release|Win32
		{AE78B9BF-E948-46A0-8818-97D2F3C39573}.Debug|Any CPU.ActiveCfg = Debug|Win32
		{AE78B9BF-E948-46A0-8818-97D2F3C39573}.Debug|Mixed Platforms.ActiveCfg = Debug|Win32
		{AE78B9BF-E948-46A0-8818-97D2F3C39573}.Debug|Mixed Platforms.Build.0 = Debug|Win32
		{AE78B9BF-E948-46A0-8818-97D2F3C39573}.Debug|Win32.ActiveCfg = Debug|Win32
		{AE78B9BF-E948-46A0-8818-97D2F3C39573}.Debug|Win32.Build.0 = Debug|Win32
		{AE78B9BF-E948-46A0-8818-97D2F3C39573}.Release|Any CPU.ActiveCfg = Release|Win32
		{AE78B9BF-E948-46A0-8818-97D2F3C39573}.Release|Mixed Platforms.ActiveCfg = Release|Win32
		{AE78B9BF-E948-46A0-8818-97D2F3C39573}.Release|Mixed Platforms.Build.0 = Release|Win32
		{AE78B9BF-E948-46A0-8818-97D2F3C39573}.Release|Win32.ActiveCfg = Release|Win32
		{AE78B9BF-E948-46A0-8818-97D2F3C39573}.Release|Win32.Build.0 = Release|Win32
		{F41DA7BA-00B6-4EC0-90BD-EE5E5703F86B}.Debug|Any CPU.ActiveCfg = Debug|Win32
		{F41DA7BA-00B6-4EC0-90BD-EE5E5703F86B}.Debug|Mixed Platforms.ActiveCfg = Debug|Win32
		{F41DA7BA-00B6-4EC0-90BD-EE5E5703F86B}.Debug|Mixed Platforms.Build.0 = Debug|Win32
		{F41DA7BA-00B6-4EC0-90BD-EE5E5703F86B}.Debug|Win32.ActiveCfg = Debug|Win32
		{F41DA7BA-00B6-4EC0-90BD-EE5E5703F86B}.Debug|Win32.Build.0 = Debug|Win32
		{F41DA7BA-00B6-4EC0-90BD-EE5E5703F86B}.Release|Any CPU.ActiveCfg = Release|Win32
		{F41DA7BA-00B6-4EC0-90BD-EE5E5703F86B}.Release|Mixed Platforms.ActiveCfg = Release|Win32
		{F41DA7BA-00B6-4EC0-90BD-EE5E5703F86B}.Release|Mixed Platforms.Build.0 = Release|Win32
		{F41DA7BA-00B6-4EC0-90BD-EE5E5703F86B}.Release|Win32.ActiveCfg = Release|Win32
		{F41DA7BA-00B6-4EC0-90BD-EE5E5703F86B}.Release|Win32.Build.0 = Release|Win32
	EndGlobalSection
	GlobalSection(SolutionProperties) = preSolution
		HideSolutionNode = FALSE
	EndGlobalSection
EndGlobal
